// !$*UTF8*$!
{
	archiveVersion = 1;
	classes = {
	};
	objectVersion = 46;
	objects = {

/* Begin PBXBuildFile section */
		FC1BE40A176B69150072171A /* CPHint.m in Sources */ = {isa = PBXBuildFile; fileRef = FC369DEB176AF62500EAD7D1 /* CPHint.m */; };
		FC1BE40B176B69210072171A /* CPPassDataManager.m in Sources */ = {isa = PBXBuildFile; fileRef = FCBF1E25176966E80014E56F /* CPPassDataManager.m */; };
		FC1BE40C176B69260072171A /* CPPassword.m in Sources */ = {isa = PBXBuildFile; fileRef = FC369DE8176AF56A00EAD7D1 /* CPPassword.m */; };
		FC1BE40D176B69610072171A /* CoreData.framework in Frameworks */ = {isa = PBXBuildFile; fileRef = FC501F5917680E1300E987B5 /* CoreData.framework */; };
		FC369DE9176AF56A00EAD7D1 /* CPPassword.m in Sources */ = {isa = PBXBuildFile; fileRef = FC369DE8176AF56A00EAD7D1 /* CPPassword.m */; };
		FC369DEC176AF62500EAD7D1 /* CPHint.m in Sources */ = {isa = PBXBuildFile; fileRef = FC369DEB176AF62500EAD7D1 /* CPHint.m */; };
		FC4F2ADA1759EB0C002D9992 /* UIKit.framework in Frameworks */ = {isa = PBXBuildFile; fileRef = FC4F2AD91759EB0C002D9992 /* UIKit.framework */; };
		FC4F2ADC1759EB0C002D9992 /* Foundation.framework in Frameworks */ = {isa = PBXBuildFile; fileRef = FC4F2ADB1759EB0C002D9992 /* Foundation.framework */; };
		FC4F2ADE1759EB0C002D9992 /* CoreGraphics.framework in Frameworks */ = {isa = PBXBuildFile; fileRef = FC4F2ADD1759EB0C002D9992 /* CoreGraphics.framework */; };
		FC4F2AE41759EB0C002D9992 /* InfoPlist.strings in Resources */ = {isa = PBXBuildFile; fileRef = FC4F2AE21759EB0C002D9992 /* InfoPlist.strings */; };
		FC4F2AE61759EB0C002D9992 /* main.m in Sources */ = {isa = PBXBuildFile; fileRef = FC4F2AE51759EB0C002D9992 /* main.m */; };
		FC4F2AEA1759EB0C002D9992 /* CPAppDelegate.m in Sources */ = {isa = PBXBuildFile; fileRef = FC4F2AE91759EB0C002D9992 /* CPAppDelegate.m */; };
		FC4F2AEC1759EB0C002D9992 /* Default.png in Resources */ = {isa = PBXBuildFile; fileRef = FC4F2AEB1759EB0C002D9992 /* Default.png */; };
		FC4F2AEE1759EB0C002D9992 /* Default@2x.png in Resources */ = {isa = PBXBuildFile; fileRef = FC4F2AED1759EB0C002D9992 /* Default@2x.png */; };
		FC4F2AF01759EB0C002D9992 /* Default-568h@2x.png in Resources */ = {isa = PBXBuildFile; fileRef = FC4F2AEF1759EB0C002D9992 /* Default-568h@2x.png */; };
		FC4F2AF61759EB0C002D9992 /* MainStoryboard.storyboard in Resources */ = {isa = PBXBuildFile; fileRef = FC4F2AF41759EB0C002D9992 /* MainStoryboard.storyboard */; };
		FC4F2B011759EB0C002D9992 /* SenTestingKit.framework in Frameworks */ = {isa = PBXBuildFile; fileRef = FC4F2B001759EB0C002D9992 /* SenTestingKit.framework */; };
		FC4F2B021759EB0C002D9992 /* UIKit.framework in Frameworks */ = {isa = PBXBuildFile; fileRef = FC4F2AD91759EB0C002D9992 /* UIKit.framework */; };
		FC4F2B031759EB0C002D9992 /* Foundation.framework in Frameworks */ = {isa = PBXBuildFile; fileRef = FC4F2ADB1759EB0C002D9992 /* Foundation.framework */; };
		FC4F2B0B1759EB0C002D9992 /* InfoPlist.strings in Resources */ = {isa = PBXBuildFile; fileRef = FC4F2B091759EB0C002D9992 /* InfoPlist.strings */; };
		FC4F2B0E1759EB0C002D9992 /* CPPassDataManagerTests.m in Sources */ = {isa = PBXBuildFile; fileRef = FC4F2B0D1759EB0C002D9992 /* CPPassDataManagerTests.m */; };
		FC4F2B191759ECB5002D9992 /* CPMainViewController.m in Sources */ = {isa = PBXBuildFile; fileRef = FC4F2B181759ECB5002D9992 /* CPMainViewController.m */; };
		FC501F5A17680E1300E987B5 /* CoreData.framework in Frameworks */ = {isa = PBXBuildFile; fileRef = FC501F5917680E1300E987B5 /* CoreData.framework */; };
		FC83D48E175B20A600B59C86 /* CPPassEditView.xib in Resources */ = {isa = PBXBuildFile; fileRef = FC83D48D175B20A600B59C86 /* CPPassEditView.xib */; };
		FCA07AD8175ACEDB0052C60A /* CPPassCell.m in Sources */ = {isa = PBXBuildFile; fileRef = FCA07AD7175ACEDB0052C60A /* CPPassCell.m */; };
		FCB034F9175C154D008D1DC8 /* CPPassEditViewManager.m in Sources */ = {isa = PBXBuildFile; fileRef = FCB034F8175C154D008D1DC8 /* CPPassEditViewManager.m */; };
		FCBF1E26176966E80014E56F /* CPPassDataManager.m in Sources */ = {isa = PBXBuildFile; fileRef = FCBF1E25176966E80014E56F /* CPPassDataManager.m */; };
		FCBF1E2917696C1A0014E56F /* Passone.xcdatamodeld in Sources */ = {isa = PBXBuildFile; fileRef = FCBF1E2717696C1A0014E56F /* Passone.xcdatamodeld */; };
/* End PBXBuildFile section */

/* Begin PBXContainerItemProxy section */
		FC4F2B041759EB0C002D9992 /* PBXContainerItemProxy */ = {
			isa = PBXContainerItemProxy;
			containerPortal = FC4F2ACE1759EB0C002D9992 /* Project object */;
			proxyType = 1;
			remoteGlobalIDString = FC4F2AD51759EB0C002D9992;
			remoteInfo = Passone;
		};
/* End PBXContainerItemProxy section */

/* Begin PBXFileReference section */
		FC369DE7176AF56A00EAD7D1 /* CPPassword.h */ = {isa = PBXFileReference; fileEncoding = 4; lastKnownFileType = sourcecode.c.h; path = CPPassword.h; sourceTree = "<group>"; };
		FC369DE8176AF56A00EAD7D1 /* CPPassword.m */ = {isa = PBXFileReference; fileEncoding = 4; lastKnownFileType = sourcecode.c.objc; path = CPPassword.m; sourceTree = "<group>"; };
		FC369DEA176AF62500EAD7D1 /* CPHint.h */ = {isa = PBXFileReference; fileEncoding = 4; lastKnownFileType = sourcecode.c.h; path = CPHint.h; sourceTree = "<group>"; };
		FC369DEB176AF62500EAD7D1 /* CPHint.m */ = {isa = PBXFileReference; fileEncoding = 4; lastKnownFileType = sourcecode.c.objc; path = CPHint.m; sourceTree = "<group>"; };
		FC4F2AD61759EB0C002D9992 /* Passone.app */ = {isa = PBXFileReference; explicitFileType = wrapper.application; includeInIndex = 0; path = Passone.app; sourceTree = BUILT_PRODUCTS_DIR; };
		FC4F2AD91759EB0C002D9992 /* UIKit.framework */ = {isa = PBXFileReference; lastKnownFileType = wrapper.framework; name = UIKit.framework; path = System/Library/Frameworks/UIKit.framework; sourceTree = SDKROOT; };
		FC4F2ADB1759EB0C002D9992 /* Foundation.framework */ = {isa = PBXFileReference; lastKnownFileType = wrapper.framework; name = Foundation.framework; path = System/Library/Frameworks/Foundation.framework; sourceTree = SDKROOT; };
		FC4F2ADD1759EB0C002D9992 /* CoreGraphics.framework */ = {isa = PBXFileReference; lastKnownFileType = wrapper.framework; name = CoreGraphics.framework; path = System/Library/Frameworks/CoreGraphics.framework; sourceTree = SDKROOT; };
		FC4F2AE11759EB0C002D9992 /* Passone-Info.plist */ = {isa = PBXFileReference; lastKnownFileType = text.plist.xml; path = "Passone-Info.plist"; sourceTree = "<group>"; };
		FC4F2AE31759EB0C002D9992 /* en */ = {isa = PBXFileReference; lastKnownFileType = text.plist.strings; name = en; path = en.lproj/InfoPlist.strings; sourceTree = "<group>"; };
		FC4F2AE51759EB0C002D9992 /* main.m */ = {isa = PBXFileReference; lastKnownFileType = sourcecode.c.objc; path = main.m; sourceTree = "<group>"; };
		FC4F2AE71759EB0C002D9992 /* Passone-Prefix.pch */ = {isa = PBXFileReference; lastKnownFileType = sourcecode.c.h; path = "Passone-Prefix.pch"; sourceTree = "<group>"; };
		FC4F2AE81759EB0C002D9992 /* CPAppDelegate.h */ = {isa = PBXFileReference; lastKnownFileType = sourcecode.c.h; path = CPAppDelegate.h; sourceTree = "<group>"; };
		FC4F2AE91759EB0C002D9992 /* CPAppDelegate.m */ = {isa = PBXFileReference; lastKnownFileType = sourcecode.c.objc; path = CPAppDelegate.m; sourceTree = "<group>"; };
		FC4F2AEB1759EB0C002D9992 /* Default.png */ = {isa = PBXFileReference; lastKnownFileType = image.png; path = Default.png; sourceTree = "<group>"; };
		FC4F2AED1759EB0C002D9992 /* Default@2x.png */ = {isa = PBXFileReference; lastKnownFileType = image.png; path = "Default@2x.png"; sourceTree = "<group>"; };
		FC4F2AEF1759EB0C002D9992 /* Default-568h@2x.png */ = {isa = PBXFileReference; lastKnownFileType = image.png; path = "Default-568h@2x.png"; sourceTree = "<group>"; };
		FC4F2AF51759EB0C002D9992 /* en */ = {isa = PBXFileReference; lastKnownFileType = file.storyboard; name = en; path = en.lproj/MainStoryboard.storyboard; sourceTree = "<group>"; };
		FC4F2AFF1759EB0C002D9992 /* PassoneTests.octest */ = {isa = PBXFileReference; explicitFileType = wrapper.cfbundle; includeInIndex = 0; path = PassoneTests.octest; sourceTree = BUILT_PRODUCTS_DIR; };
		FC4F2B001759EB0C002D9992 /* SenTestingKit.framework */ = {isa = PBXFileReference; lastKnownFileType = wrapper.framework; name = SenTestingKit.framework; path = Library/Frameworks/SenTestingKit.framework; sourceTree = DEVELOPER_DIR; };
		FC4F2B081759EB0C002D9992 /* PassoneTests-Info.plist */ = {isa = PBXFileReference; lastKnownFileType = text.plist.xml; path = "PassoneTests-Info.plist"; sourceTree = "<group>"; };
		FC4F2B0A1759EB0C002D9992 /* en */ = {isa = PBXFileReference; lastKnownFileType = text.plist.strings; name = en; path = en.lproj/InfoPlist.strings; sourceTree = "<group>"; };
		FC4F2B0C1759EB0C002D9992 /* CPPassDataManagerTests.h */ = {isa = PBXFileReference; lastKnownFileType = sourcecode.c.h; path = CPPassDataManagerTests.h; sourceTree = "<group>"; };
		FC4F2B0D1759EB0C002D9992 /* CPPassDataManagerTests.m */ = {isa = PBXFileReference; lastKnownFileType = sourcecode.c.objc; path = CPPassDataManagerTests.m; sourceTree = "<group>"; };
		FC4F2B171759ECB5002D9992 /* CPMainViewController.h */ = {isa = PBXFileReference; fileEncoding = 4; lastKnownFileType = sourcecode.c.h; path = CPMainViewController.h; sourceTree = "<group>"; };
		FC4F2B181759ECB5002D9992 /* CPMainViewController.m */ = {isa = PBXFileReference; fileEncoding = 4; lastKnownFileType = sourcecode.c.objc; path = CPMainViewController.m; sourceTree = "<group>"; };
		FC501F5917680E1300E987B5 /* CoreData.framework */ = {isa = PBXFileReference; lastKnownFileType = wrapper.framework; name = CoreData.framework; path = System/Library/Frameworks/CoreData.framework; sourceTree = SDKROOT; };
		FC83D48D175B20A600B59C86 /* CPPassEditView.xib */ = {isa = PBXFileReference; fileEncoding = 4; lastKnownFileType = file.xib; path = CPPassEditView.xib; sourceTree = "<group>"; };
		FCA07AD6175ACEDB0052C60A /* CPPassCell.h */ = {isa = PBXFileReference; fileEncoding = 4; lastKnownFileType = sourcecode.c.h; path = CPPassCell.h; sourceTree = "<group>"; };
		FCA07AD7175ACEDB0052C60A /* CPPassCell.m */ = {isa = PBXFileReference; fileEncoding = 4; lastKnownFileType = sourcecode.c.objc; path = CPPassCell.m; sourceTree = "<group>"; };
		FCB034F7175C154D008D1DC8 /* CPPassEditViewManager.h */ = {isa = PBXFileReference; fileEncoding = 4; lastKnownFileType = sourcecode.c.h; path = CPPassEditViewManager.h; sourceTree = "<group>"; };
		FCB034F8175C154D008D1DC8 /* CPPassEditViewManager.m */ = {isa = PBXFileReference; fileEncoding = 4; lastKnownFileType = sourcecode.c.objc; path = CPPassEditViewManager.m; sourceTree = "<group>"; };
		FCBF1E24176966E80014E56F /* CPPassDataManager.h */ = {isa = PBXFileReference; fileEncoding = 4; lastKnownFileType = sourcecode.c.h; path = CPPassDataManager.h; sourceTree = "<group>"; };
		FCBF1E25176966E80014E56F /* CPPassDataManager.m */ = {isa = PBXFileReference; fileEncoding = 4; lastKnownFileType = sourcecode.c.objc; path = CPPassDataManager.m; sourceTree = "<group>"; };
		FCBF1E2817696C1A0014E56F /* Passone.xcdatamodel */ = {isa = PBXFileReference; lastKnownFileType = wrapper.xcdatamodel; path = Passone.xcdatamodel; sourceTree = "<group>"; };
/* End PBXFileReference section */

/* Begin PBXFrameworksBuildPhase section */
		FC4F2AD31759EB0C002D9992 /* Frameworks */ = {
			isa = PBXFrameworksBuildPhase;
			buildActionMask = 2147483647;
			files = (
				FC501F5A17680E1300E987B5 /* CoreData.framework in Frameworks */,
				FC4F2ADA1759EB0C002D9992 /* UIKit.framework in Frameworks */,
				FC4F2ADC1759EB0C002D9992 /* Foundation.framework in Frameworks */,
				FC4F2ADE1759EB0C002D9992 /* CoreGraphics.framework in Frameworks */,
			);
			runOnlyForDeploymentPostprocessing = 0;
		};
		FC4F2AFB1759EB0C002D9992 /* Frameworks */ = {
			isa = PBXFrameworksBuildPhase;
			buildActionMask = 2147483647;
			files = (
				FC4F2B011759EB0C002D9992 /* SenTestingKit.framework in Frameworks */,
				FC4F2B021759EB0C002D9992 /* UIKit.framework in Frameworks */,
				FC4F2B031759EB0C002D9992 /* Foundation.framework in Frameworks */,
				FC1BE40D176B69610072171A /* CoreData.framework in Frameworks */,
			);
			runOnlyForDeploymentPostprocessing = 0;
		};
/* End PBXFrameworksBuildPhase section */

/* Begin PBXGroup section */
		FC4F2ACD1759EB0C002D9992 = {
			isa = PBXGroup;
			children = (
				FC4F2AD81759EB0C002D9992 /* Frameworks */,
				FC4F2ADF1759EB0C002D9992 /* Passone */,
				FC4F2B061759EB0C002D9992 /* PassoneTests */,
				FC4F2AD71759EB0C002D9992 /* Products */,
			);
			sourceTree = "<group>";
		};
		FC4F2AD71759EB0C002D9992 /* Products */ = {
			isa = PBXGroup;
			children = (
				FC4F2AD61759EB0C002D9992 /* Passone.app */,
				FC4F2AFF1759EB0C002D9992 /* PassoneTests.octest */,
			);
			name = Products;
			sourceTree = "<group>";
		};
		FC4F2AD81759EB0C002D9992 /* Frameworks */ = {
			isa = PBXGroup;
			children = (
				FC501F5917680E1300E987B5 /* CoreData.framework */,
				FC4F2AD91759EB0C002D9992 /* UIKit.framework */,
				FC4F2ADB1759EB0C002D9992 /* Foundation.framework */,
				FC4F2ADD1759EB0C002D9992 /* CoreGraphics.framework */,
				FC4F2B001759EB0C002D9992 /* SenTestingKit.framework */,
			);
			name = Frameworks;
			sourceTree = "<group>";
		};
		FC4F2ADF1759EB0C002D9992 /* Passone */ = {
			isa = PBXGroup;
			children = (
				FC4F2AE81759EB0C002D9992 /* CPAppDelegate.h */,
				FC4F2AE91759EB0C002D9992 /* CPAppDelegate.m */,
				FC369DEA176AF62500EAD7D1 /* CPHint.h */,
				FC369DEB176AF62500EAD7D1 /* CPHint.m */,
				FC4F2B171759ECB5002D9992 /* CPMainViewController.h */,
				FC4F2B181759ECB5002D9992 /* CPMainViewController.m */,
				FCA07AD6175ACEDB0052C60A /* CPPassCell.h */,
				FCA07AD7175ACEDB0052C60A /* CPPassCell.m */,
				FCBF1E24176966E80014E56F /* CPPassDataManager.h */,
				FCBF1E25176966E80014E56F /* CPPassDataManager.m */,
				FC83D48D175B20A600B59C86 /* CPPassEditView.xib */,
				FCB034F7175C154D008D1DC8 /* CPPassEditViewManager.h */,
				FCB034F8175C154D008D1DC8 /* CPPassEditViewManager.m */,
				FC369DE7176AF56A00EAD7D1 /* CPPassword.h */,
				FC369DE8176AF56A00EAD7D1 /* CPPassword.m */,
				FC4F2AF41759EB0C002D9992 /* MainStoryboard.storyboard */,
				FCBF1E2717696C1A0014E56F /* Passone.xcdatamodeld */,
				FC4F2AE01759EB0C002D9992 /* Supporting Files */,
			);
			path = Passone;
			sourceTree = "<group>";
		};
		FC4F2AE01759EB0C002D9992 /* Supporting Files */ = {
			isa = PBXGroup;
			children = (
				FC4F2AE11759EB0C002D9992 /* Passone-Info.plist */,
				FC4F2AE21759EB0C002D9992 /* InfoPlist.strings */,
				FC4F2AE51759EB0C002D9992 /* main.m */,
				FC4F2AE71759EB0C002D9992 /* Passone-Prefix.pch */,
				FC4F2AEB1759EB0C002D9992 /* Default.png */,
				FC4F2AED1759EB0C002D9992 /* Default@2x.png */,
				FC4F2AEF1759EB0C002D9992 /* Default-568h@2x.png */,
			);
			name = "Supporting Files";
			sourceTree = "<group>";
		};
		FC4F2B061759EB0C002D9992 /* PassoneTests */ = {
			isa = PBXGroup;
			children = (
				FC4F2B0C1759EB0C002D9992 /* CPPassDataManagerTests.h */,
				FC4F2B0D1759EB0C002D9992 /* CPPassDataManagerTests.m */,
				FC4F2B071759EB0C002D9992 /* Supporting Files */,
			);
			path = PassoneTests;
			sourceTree = "<group>";
		};
		FC4F2B071759EB0C002D9992 /* Supporting Files */ = {
			isa = PBXGroup;
			children = (
				FC4F2B081759EB0C002D9992 /* PassoneTests-Info.plist */,
				FC4F2B091759EB0C002D9992 /* InfoPlist.strings */,
			);
			name = "Supporting Files";
			sourceTree = "<group>";
		};
/* End PBXGroup section */

/* Begin PBXNativeTarget section */
		FC4F2AD51759EB0C002D9992 /* Passone */ = {
			isa = PBXNativeTarget;
			buildConfigurationList = FC4F2B111759EB0C002D9992 /* Build configuration list for PBXNativeTarget "Passone" */;
			buildPhases = (
				FC4F2AD21759EB0C002D9992 /* Sources */,
				FC4F2AD31759EB0C002D9992 /* Frameworks */,
				FC4F2AD41759EB0C002D9992 /* Resources */,
			);
			buildRules = (
			);
			dependencies = (
			);
			name = Passone;
			productName = Passone;
			productReference = FC4F2AD61759EB0C002D9992 /* Passone.app */;
			productType = "com.apple.product-type.application";
		};
		FC4F2AFE1759EB0C002D9992 /* PassoneTests */ = {
			isa = PBXNativeTarget;
			buildConfigurationList = FC4F2B141759EB0C002D9992 /* Build configuration list for PBXNativeTarget "PassoneTests" */;
			buildPhases = (
				FC4F2AFA1759EB0C002D9992 /* Sources */,
				FC4F2AFB1759EB0C002D9992 /* Frameworks */,
				FC4F2AFC1759EB0C002D9992 /* Resources */,
				FC4F2AFD1759EB0C002D9992 /* ShellScript */,
			);
			buildRules = (
			);
			dependencies = (
				FC4F2B051759EB0C002D9992 /* PBXTargetDependency */,
			);
			name = PassoneTests;
			productName = PassoneTests;
			productReference = FC4F2AFF1759EB0C002D9992 /* PassoneTests.octest */;
			productType = "com.apple.product-type.bundle";
		};
/* End PBXNativeTarget section */

/* Begin PBXProject section */
		FC4F2ACE1759EB0C002D9992 /* Project object */ = {
			isa = PBXProject;
			attributes = {
				CLASSPREFIX = CP;
				LastUpgradeCheck = 0460;
				ORGANIZATIONNAME = codingpotato;
			};
			buildConfigurationList = FC4F2AD11759EB0C002D9992 /* Build configuration list for PBXProject "Passone" */;
			compatibilityVersion = "Xcode 3.2";
			developmentRegion = English;
			hasScannedForEncodings = 0;
			knownRegions = (
				en,
			);
			mainGroup = FC4F2ACD1759EB0C002D9992;
			productRefGroup = FC4F2AD71759EB0C002D9992 /* Products */;
			projectDirPath = "";
			projectRoot = "";
			targets = (
				FC4F2AD51759EB0C002D9992 /* Passone */,
				FC4F2AFE1759EB0C002D9992 /* PassoneTests */,
			);
		};
/* End PBXProject section */

/* Begin PBXResourcesBuildPhase section */
		FC4F2AD41759EB0C002D9992 /* Resources */ = {
			isa = PBXResourcesBuildPhase;
			buildActionMask = 2147483647;
			files = (
				FC4F2AE41759EB0C002D9992 /* InfoPlist.strings in Resources */,
				FC4F2AEC1759EB0C002D9992 /* Default.png in Resources */,
				FC4F2AEE1759EB0C002D9992 /* Default@2x.png in Resources */,
				FC4F2AF01759EB0C002D9992 /* Default-568h@2x.png in Resources */,
				FC4F2AF61759EB0C002D9992 /* MainStoryboard.storyboard in Resources */,
				FC83D48E175B20A600B59C86 /* CPPassEditView.xib in Resources */,
			);
			runOnlyForDeploymentPostprocessing = 0;
		};
		FC4F2AFC1759EB0C002D9992 /* Resources */ = {
			isa = PBXResourcesBuildPhase;
			buildActionMask = 2147483647;
			files = (
				FC4F2B0B1759EB0C002D9992 /* InfoPlist.strings in Resources */,
			);
			runOnlyForDeploymentPostprocessing = 0;
		};
/* End PBXResourcesBuildPhase section */

/* Begin PBXShellScriptBuildPhase section */
		FC4F2AFD1759EB0C002D9992 /* ShellScript */ = {
			isa = PBXShellScriptBuildPhase;
			buildActionMask = 2147483647;
			files = (
			);
			inputPaths = (
			);
			outputPaths = (
			);
			runOnlyForDeploymentPostprocessing = 0;
			shellPath = /bin/sh;
			shellScript = "# Run the unit tests in this test bundle.\n\"${SYSTEM_DEVELOPER_DIR}/Tools/RunUnitTests\"\n";
		};
/* End PBXShellScriptBuildPhase section */

/* Begin PBXSourcesBuildPhase section */
		FC4F2AD21759EB0C002D9992 /* Sources */ = {
			isa = PBXSourcesBuildPhase;
			buildActionMask = 2147483647;
			files = (
				FC4F2AE61759EB0C002D9992 /* main.m in Sources */,
				FC4F2AEA1759EB0C002D9992 /* CPAppDelegate.m in Sources */,
				FC4F2B191759ECB5002D9992 /* CPMainViewController.m in Sources */,
				FCA07AD8175ACEDB0052C60A /* CPPassCell.m in Sources */,
				FCB034F9175C154D008D1DC8 /* CPPassEditViewManager.m in Sources */,
				FCBF1E26176966E80014E56F /* CPPassDataManager.m in Sources */,
				FCBF1E2917696C1A0014E56F /* Passone.xcdatamodeld in Sources */,
				FC369DE9176AF56A00EAD7D1 /* CPPassword.m in Sources */,
				FC369DEC176AF62500EAD7D1 /* CPHint.m in Sources */,
			);
			runOnlyForDeploymentPostprocessing = 0;
		};
		FC4F2AFA1759EB0C002D9992 /* Sources */ = {
			isa = PBXSourcesBuildPhase;
			buildActionMask = 2147483647;
			files = (
				FC4F2B0E1759EB0C002D9992 /* CPPassDataManagerTests.m in Sources */,
				FC1BE40A176B69150072171A /* CPHint.m in Sources */,
				FC1BE40B176B69210072171A /* CPPassDataManager.m in Sources */,
				FC1BE40C176B69260072171A /* CPPassword.m in Sources */,
			);
			runOnlyForDeploymentPostprocessing = 0;
		};
/* End PBXSourcesBuildPhase section */

/* Begin PBXTargetDependency section */
		FC4F2B051759EB0C002D9992 /* PBXTargetDependency */ = {
			isa = PBXTargetDependency;
			target = FC4F2AD51759EB0C002D9992 /* Passone */;
			targetProxy = FC4F2B041759EB0C002D9992 /* PBXContainerItemProxy */;
		};
/* End PBXTargetDependency section */

/* Begin PBXVariantGroup section */
		FC4F2AE21759EB0C002D9992 /* InfoPlist.strings */ = {
			isa = PBXVariantGroup;
			children = (
				FC4F2AE31759EB0C002D9992 /* en */,
			);
			name = InfoPlist.strings;
			sourceTree = "<group>";
		};
		FC4F2AF41759EB0C002D9992 /* MainStoryboard.storyboard */ = {
			isa = PBXVariantGroup;
			children = (
				FC4F2AF51759EB0C002D9992 /* en */,
			);
			name = MainStoryboard.storyboard;
			sourceTree = "<group>";
		};
		FC4F2B091759EB0C002D9992 /* InfoPlist.strings */ = {
			isa = PBXVariantGroup;
			children = (
				FC4F2B0A1759EB0C002D9992 /* en */,
			);
			name = InfoPlist.strings;
			sourceTree = "<group>";
		};
/* End PBXVariantGroup section */

/* Begin XCBuildConfiguration section */
		FC4F2B0F1759EB0C002D9992 /* Debug */ = {
			isa = XCBuildConfiguration;
			buildSettings = {
				ALWAYS_SEARCH_USER_PATHS = NO;
				CLANG_CXX_LANGUAGE_STANDARD = "gnu++0x";
				CLANG_CXX_LIBRARY = "libc++";
				CLANG_ENABLE_OBJC_ARC = YES;
				CLANG_WARN_CONSTANT_CONVERSION = YES;
				CLANG_WARN_EMPTY_BODY = YES;
				CLANG_WARN_ENUM_CONVERSION = YES;
				CLANG_WARN_INT_CONVERSION = YES;
				CLANG_WARN__DUPLICATE_METHOD_MATCH = YES;
				"CODE_SIGN_IDENTITY[sdk=iphoneos*]" = "iPhone Developer";
				COPY_PHASE_STRIP = NO;
				GCC_C_LANGUAGE_STANDARD = gnu99;
				GCC_DYNAMIC_NO_PIC = NO;
				GCC_OPTIMIZATION_LEVEL = 0;
				GCC_PREPROCESSOR_DEFINITIONS = (
					"DEBUG=1",
					"$(inherited)",
				);
				GCC_SYMBOLS_PRIVATE_EXTERN = NO;
				GCC_WARN_ABOUT_RETURN_TYPE = YES;
				GCC_WARN_UNINITIALIZED_AUTOS = YES;
				GCC_WARN_UNUSED_VARIABLE = YES;
				IPHONEOS_DEPLOYMENT_TARGET = 6.1;
				ONLY_ACTIVE_ARCH = YES;
				SDKROOT = iphoneos;
				TARGETED_DEVICE_FAMILY = "1,2";
			};
			name = Debug;
		};
		FC4F2B101759EB0C002D9992 /* Release */ = {
			isa = XCBuildConfiguration;
			buildSettings = {
				ALWAYS_SEARCH_USER_PATHS = NO;
				CLANG_CXX_LANGUAGE_STANDARD = "gnu++0x";
				CLANG_CXX_LIBRARY = "libc++";
				CLANG_ENABLE_OBJC_ARC = YES;
				CLANG_WARN_CONSTANT_CONVERSION = YES;
				CLANG_WARN_EMPTY_BODY = YES;
				CLANG_WARN_ENUM_CONVERSION = YES;
				CLANG_WARN_INT_CONVERSION = YES;
				CLANG_WARN__DUPLICATE_METHOD_MATCH = YES;
				"CODE_SIGN_IDENTITY[sdk=iphoneos*]" = "iPhone Developer";
				COPY_PHASE_STRIP = YES;
				GCC_C_LANGUAGE_STANDARD = gnu99;
				GCC_WARN_ABOUT_RETURN_TYPE = YES;
				GCC_WARN_UNINITIALIZED_AUTOS = YES;
				GCC_WARN_UNUSED_VARIABLE = YES;
				IPHONEOS_DEPLOYMENT_TARGET = 6.1;
				OTHER_CFLAGS = "-DNS_BLOCK_ASSERTIONS=1";
				SDKROOT = iphoneos;
				TARGETED_DEVICE_FAMILY = "1,2";
				VALIDATE_PRODUCT = YES;
			};
			name = Release;
		};
		FC4F2B121759EB0C002D9992 /* Debug */ = {
			isa = XCBuildConfiguration;
			buildSettings = {
				GCC_PRECOMPILE_PREFIX_HEADER = YES;
				GCC_PREFIX_HEADER = "Passone/Passone-Prefix.pch";
				INFOPLIST_FILE = "Passone/Passone-Info.plist";
				PRODUCT_NAME = "$(TARGET_NAME)";
				WRAPPER_EXTENSION = app;
			};
			name = Debug;
		};
		FC4F2B131759EB0C002D9992 /* Release */ = {
			isa = XCBuildConfiguration;
			buildSettings = {
				GCC_PRECOMPILE_PREFIX_HEADER = YES;
				GCC_PREFIX_HEADER = "Passone/Passone-Prefix.pch";
				INFOPLIST_FILE = "Passone/Passone-Info.plist";
				PRODUCT_NAME = "$(TARGET_NAME)";
				WRAPPER_EXTENSION = app;
			};
			name = Release;
		};
		FC4F2B151759EB0C002D9992 /* Debug */ = {
			isa = XCBuildConfiguration;
			buildSettings = {
				BUNDLE_LOADER = "$(BUILT_PRODUCTS_DIR)/Passone.app/Passone";
				FRAMEWORK_SEARCH_PATHS = (
					"\"$(SDKROOT)/Developer/Library/Frameworks\"",
					"\"$(DEVELOPER_LIBRARY_DIR)/Frameworks\"",
				);
				GCC_PRECOMPILE_PREFIX_HEADER = YES;
				GCC_PREFIX_HEADER = "Passone/Passone-Prefix.pch";
				INFOPLIST_FILE = "PassoneTests/PassoneTests-Info.plist";
				PRODUCT_NAME = "$(TARGET_NAME)";
				TEST_HOST = "$(BUNDLE_LOADER)";
				WRAPPER_EXTENSION = octest;
			};
			name = Debug;
		};
		FC4F2B161759EB0C002D9992 /* Release */ = {
			isa = XCBuildConfiguration;
			buildSettings = {
				BUNDLE_LOADER = "$(BUILT_PRODUCTS_DIR)/Passone.app/Passone";
				FRAMEWORK_SEARCH_PATHS = (
					"\"$(SDKROOT)/Developer/Library/Frameworks\"",
					"\"$(DEVELOPER_LIBRARY_DIR)/Frameworks\"",
				);
				GCC_PRECOMPILE_PREFIX_HEADER = YES;
				GCC_PREFIX_HEADER = "Passone/Passone-Prefix.pch";
				INFOPLIST_FILE = "PassoneTests/PassoneTests-Info.plist";
				PRODUCT_NAME = "$(TARGET_NAME)";
				TEST_HOST = "$(BUNDLE_LOADER)";
				WRAPPER_EXTENSION = octest;
			};
			name = Release;
		};
/* End XCBuildConfiguration section */

/* Begin XCConfigurationList section */
		FC4F2AD11759EB0C002D9992 /* Build configuration list for PBXProject "Passone" */ = {
			isa = XCConfigurationList;
			buildConfigurations = (
				FC4F2B0F1759EB0C002D9992 /* Debug */,
				FC4F2B101759EB0C002D9992 /* Release */,
			);
			defaultConfigurationIsVisible = 0;
			defaultConfigurationName = Release;
		};
		FC4F2B111759EB0C002D9992 /* Build configuration list for PBXNativeTarget "Passone" */ = {
			isa = XCConfigurationList;
			buildConfigurations = (
				FC4F2B121759EB0C002D9992 /* Debug */,
				FC4F2B131759EB0C002D9992 /* Release */,
			);
			defaultConfigurationIsVisible = 0;
			defaultConfigurationName = Release;
		};
		FC4F2B141759EB0C002D9992 /* Build configuration list for PBXNativeTarget "PassoneTests" */ = {
			isa = XCConfigurationList;
			buildConfigurations = (
				FC4F2B151759EB0C002D9992 /* Debug */,
				FC4F2B161759EB0C002D9992 /* Release */,
			);
			defaultConfigurationIsVisible = 0;
			defaultConfigurationName = Release;
		};
/* End XCConfigurationList section */

/* Begin XCVersionGroup section */
		FCBF1E2717696C1A0014E56F /* Passone.xcdatamodeld */ = {
			isa = XCVersionGroup;
			children = (
				FCBF1E2817696C1A0014E56F /* Passone.xcdatamodel */,
			);
			currentVersion = FCBF1E2817696C1A0014E56F /* Passone.xcdatamodel */;
			path = Passone.xcdatamodeld;
			sourceTree = "<group>";
			versionGroupType = wrapper.xcdatamodel;
		};
/* End XCVersionGroup section */
	};
	rootObject = FC4F2ACE1759EB0C002D9992 /* Project object */;
}
