// !$*UTF8*$!
{
	archiveVersion = 1;
	classes = {
	};
	objectVersion = 46;
	objects = {

/* Begin PBXBuildFile section */
		2C0D2D8D178AC72600485CE5 /* CPSearchingProcess.m in Sources */ = {isa = PBXBuildFile; fileRef = 2C0D2D8C178AC72600485CE5 /* CPSearchingProcess.m */; };
		2C1541C517D1F1490057733D /* CPMemoCollectionViewManager.m in Sources */ = {isa = PBXBuildFile; fileRef = 2C1541C417D1F1490057733D /* CPMemoCollectionViewManager.m */; };
		2C50933317C4C51E0051A463 /* Reachability.m in Sources */ = {isa = PBXBuildFile; fileRef = 2C50933217C4C51E0051A463 /* Reachability.m */; };
		2C50933617C4C5660051A463 /* CPAdManager.m in Sources */ = {isa = PBXBuildFile; fileRef = 2C50933517C4C5660051A463 /* CPAdManager.m */; };
		2C50933817C4C8D70051A463 /* SystemConfiguration.framework in Frameworks */ = {isa = PBXBuildFile; fileRef = 2C50933717C4C8D70051A463 /* SystemConfiguration.framework */; };
		2C50933A17C4CB410051A463 /* iAd.framework in Frameworks */ = {isa = PBXBuildFile; fileRef = 2C50933917C4CB410051A463 /* iAd.framework */; };
		2C57A045178979A2004F1547 /* CPAppearanceManager.m in Sources */ = {isa = PBXBuildFile; fileRef = 2C57A044178979A2004F1547 /* CPAppearanceManager.m */; };
		2C6143601786D1C100430C64 /* CPProcessManager.m in Sources */ = {isa = PBXBuildFile; fileRef = 2C61435F1786D1C100430C64 /* CPProcessManager.m */; };
		2C6143651786D26100430C64 /* CPApplicationProcess.m in Sources */ = {isa = PBXBuildFile; fileRef = 2C6143641786D26100430C64 /* CPApplicationProcess.m */; };
		2C6143681786D59D00430C64 /* CPDraggingPassCellProcess.m in Sources */ = {isa = PBXBuildFile; fileRef = 2C6143671786D59D00430C64 /* CPDraggingPassCellProcess.m */; };
		2C61436B1786D7AC00430C64 /* CPRemovingPassCellProcess.m in Sources */ = {isa = PBXBuildFile; fileRef = 2C61436A1786D7AC00430C64 /* CPRemovingPassCellProcess.m */; };
		2CBDF767177DB96E00BC9E3E /* CPNotificationCenter.m in Sources */ = {isa = PBXBuildFile; fileRef = 2CBDF766177DB96E00BC9E3E /* CPNotificationCenter.m */; };
		2CC7570217CA151D00800E09 /* bg-ipad.png in Resources */ = {isa = PBXBuildFile; fileRef = 2CC756FE17CA151D00800E09 /* bg-ipad.png */; };
		2CC7570317CA151D00800E09 /* bg-ipad@2x.png in Resources */ = {isa = PBXBuildFile; fileRef = 2CC756FF17CA151D00800E09 /* bg-ipad@2x.png */; };
		2CC7570417CA151D00800E09 /* bg-iphone.png in Resources */ = {isa = PBXBuildFile; fileRef = 2CC7570017CA151D00800E09 /* bg-iphone.png */; };
		2CC7570517CA151D00800E09 /* bg-iphone@2x.png in Resources */ = {isa = PBXBuildFile; fileRef = 2CC7570117CA151D00800E09 /* bg-iphone@2x.png */; };
		2CC861F817AE3A64005B88ED /* CPSingleViewMemoCollectionViewManager.m in Sources */ = {isa = PBXBuildFile; fileRef = 2CC861F717AE3A64005B88ED /* CPSingleViewMemoCollectionViewManager.m */; };
		2CCFB6C417CB5D4E009CE894 /* aquarius_ipad.png in Resources */ = {isa = PBXBuildFile; fileRef = 2CCFB69417CB5D4E009CE894 /* aquarius_ipad.png */; };
		2CCFB6C517CB5D4E009CE894 /* aquarius_ipad@2x.png in Resources */ = {isa = PBXBuildFile; fileRef = 2CCFB69517CB5D4E009CE894 /* aquarius_ipad@2x.png */; };
		2CCFB6C617CB5D4E009CE894 /* aquarius.png in Resources */ = {isa = PBXBuildFile; fileRef = 2CCFB69617CB5D4E009CE894 /* aquarius.png */; };
		2CCFB6C717CB5D4E009CE894 /* aquarius@2x.png in Resources */ = {isa = PBXBuildFile; fileRef = 2CCFB69717CB5D4E009CE894 /* aquarius@2x.png */; };
		2CCFB6C817CB5D4E009CE894 /* aries_ipad.png in Resources */ = {isa = PBXBuildFile; fileRef = 2CCFB69817CB5D4E009CE894 /* aries_ipad.png */; };
		2CCFB6C917CB5D4E009CE894 /* aries_ipad@2x.png in Resources */ = {isa = PBXBuildFile; fileRef = 2CCFB69917CB5D4E009CE894 /* aries_ipad@2x.png */; };
		2CCFB6CA17CB5D4E009CE894 /* aries.png in Resources */ = {isa = PBXBuildFile; fileRef = 2CCFB69A17CB5D4E009CE894 /* aries.png */; };
		2CCFB6CB17CB5D4E009CE894 /* aries@2x.png in Resources */ = {isa = PBXBuildFile; fileRef = 2CCFB69B17CB5D4E009CE894 /* aries@2x.png */; };
		2CCFB6CC17CB5D4E009CE894 /* cancer_ipad.png in Resources */ = {isa = PBXBuildFile; fileRef = 2CCFB69C17CB5D4E009CE894 /* cancer_ipad.png */; };
		2CCFB6CD17CB5D4E009CE894 /* cancer_ipad@2x.png in Resources */ = {isa = PBXBuildFile; fileRef = 2CCFB69D17CB5D4E009CE894 /* cancer_ipad@2x.png */; };
		2CCFB6CE17CB5D4E009CE894 /* cancer.png in Resources */ = {isa = PBXBuildFile; fileRef = 2CCFB69E17CB5D4E009CE894 /* cancer.png */; };
		2CCFB6CF17CB5D4E009CE894 /* cancer@2x.png in Resources */ = {isa = PBXBuildFile; fileRef = 2CCFB69F17CB5D4E009CE894 /* cancer@2x.png */; };
		2CCFB6D017CB5D4E009CE894 /* gemini_ipad.png in Resources */ = {isa = PBXBuildFile; fileRef = 2CCFB6A017CB5D4E009CE894 /* gemini_ipad.png */; };
		2CCFB6D117CB5D4E009CE894 /* gemini_ipad@2x.png in Resources */ = {isa = PBXBuildFile; fileRef = 2CCFB6A117CB5D4E009CE894 /* gemini_ipad@2x.png */; };
		2CCFB6D217CB5D4E009CE894 /* gemini.png in Resources */ = {isa = PBXBuildFile; fileRef = 2CCFB6A217CB5D4E009CE894 /* gemini.png */; };
		2CCFB6D317CB5D4E009CE894 /* gemini@2x.png in Resources */ = {isa = PBXBuildFile; fileRef = 2CCFB6A317CB5D4E009CE894 /* gemini@2x.png */; };
		2CCFB6D417CB5D4E009CE894 /* leo_ipad.png in Resources */ = {isa = PBXBuildFile; fileRef = 2CCFB6A417CB5D4E009CE894 /* leo_ipad.png */; };
		2CCFB6D517CB5D4E009CE894 /* leo_ipad@2x.png in Resources */ = {isa = PBXBuildFile; fileRef = 2CCFB6A517CB5D4E009CE894 /* leo_ipad@2x.png */; };
		2CCFB6D617CB5D4E009CE894 /* leo.png in Resources */ = {isa = PBXBuildFile; fileRef = 2CCFB6A617CB5D4E009CE894 /* leo.png */; };
		2CCFB6D717CB5D4E009CE894 /* leo@2x.png in Resources */ = {isa = PBXBuildFile; fileRef = 2CCFB6A717CB5D4E009CE894 /* leo@2x.png */; };
		2CCFB6D817CB5D4E009CE894 /* libra_ipad.png in Resources */ = {isa = PBXBuildFile; fileRef = 2CCFB6A817CB5D4E009CE894 /* libra_ipad.png */; };
		2CCFB6D917CB5D4E009CE894 /* libra_ipad@2x.png in Resources */ = {isa = PBXBuildFile; fileRef = 2CCFB6A917CB5D4E009CE894 /* libra_ipad@2x.png */; };
		2CCFB6DA17CB5D4E009CE894 /* libra.png in Resources */ = {isa = PBXBuildFile; fileRef = 2CCFB6AA17CB5D4E009CE894 /* libra.png */; };
		2CCFB6DB17CB5D4E009CE894 /* libra@2x.png in Resources */ = {isa = PBXBuildFile; fileRef = 2CCFB6AB17CB5D4E009CE894 /* libra@2x.png */; };
		2CCFB6DC17CB5D4E009CE894 /* pisces_ipad.png in Resources */ = {isa = PBXBuildFile; fileRef = 2CCFB6AC17CB5D4E009CE894 /* pisces_ipad.png */; };
		2CCFB6DD17CB5D4E009CE894 /* pisces_ipad@2x.png in Resources */ = {isa = PBXBuildFile; fileRef = 2CCFB6AD17CB5D4E009CE894 /* pisces_ipad@2x.png */; };
		2CCFB6DE17CB5D4E009CE894 /* pisces.png in Resources */ = {isa = PBXBuildFile; fileRef = 2CCFB6AE17CB5D4E009CE894 /* pisces.png */; };
		2CCFB6DF17CB5D4E009CE894 /* pisces@2x.png in Resources */ = {isa = PBXBuildFile; fileRef = 2CCFB6AF17CB5D4E009CE894 /* pisces@2x.png */; };
		2CCFB6E017CB5D4E009CE894 /* sagittarius_ipad.png in Resources */ = {isa = PBXBuildFile; fileRef = 2CCFB6B017CB5D4E009CE894 /* sagittarius_ipad.png */; };
		2CCFB6E117CB5D4E009CE894 /* sagittarius_ipad@2x.png in Resources */ = {isa = PBXBuildFile; fileRef = 2CCFB6B117CB5D4E009CE894 /* sagittarius_ipad@2x.png */; };
		2CCFB6E217CB5D4E009CE894 /* sagittarius.png in Resources */ = {isa = PBXBuildFile; fileRef = 2CCFB6B217CB5D4E009CE894 /* sagittarius.png */; };
		2CCFB6E317CB5D4E009CE894 /* sagittarius@2x.png in Resources */ = {isa = PBXBuildFile; fileRef = 2CCFB6B317CB5D4E009CE894 /* sagittarius@2x.png */; };
		2CCFB6EC17CB5D4E009CE894 /* taurus_ipad.png in Resources */ = {isa = PBXBuildFile; fileRef = 2CCFB6BC17CB5D4E009CE894 /* taurus_ipad.png */; };
		2CCFB6ED17CB5D4E009CE894 /* taurus_ipad@2x.png in Resources */ = {isa = PBXBuildFile; fileRef = 2CCFB6BD17CB5D4E009CE894 /* taurus_ipad@2x.png */; };
		2CCFB6EE17CB5D4E009CE894 /* taurus.png in Resources */ = {isa = PBXBuildFile; fileRef = 2CCFB6BE17CB5D4E009CE894 /* taurus.png */; };
		2CCFB6EF17CB5D4E009CE894 /* taurus@2x.png in Resources */ = {isa = PBXBuildFile; fileRef = 2CCFB6BF17CB5D4E009CE894 /* taurus@2x.png */; };
		2CCFB6F017CB5D4E009CE894 /* virgo_ipad.png in Resources */ = {isa = PBXBuildFile; fileRef = 2CCFB6C017CB5D4E009CE894 /* virgo_ipad.png */; };
		2CCFB6F117CB5D4E009CE894 /* virgo_ipad@2x.png in Resources */ = {isa = PBXBuildFile; fileRef = 2CCFB6C117CB5D4E009CE894 /* virgo_ipad@2x.png */; };
		2CCFB6F217CB5D4E009CE894 /* virgo.png in Resources */ = {isa = PBXBuildFile; fileRef = 2CCFB6C217CB5D4E009CE894 /* virgo.png */; };
		2CCFB6F317CB5D4E009CE894 /* virgo@2x.png in Resources */ = {isa = PBXBuildFile; fileRef = 2CCFB6C317CB5D4E009CE894 /* virgo@2x.png */; };
		2CCFB6FC17CB5F4F009CE894 /* capricorn_ipad.png in Resources */ = {isa = PBXBuildFile; fileRef = 2CCFB6F417CB5F3F009CE894 /* capricorn_ipad.png */; };
		2CCFB6FD17CB5F4F009CE894 /* capricorn_ipad@2x.png in Resources */ = {isa = PBXBuildFile; fileRef = 2CCFB6F517CB5F40009CE894 /* capricorn_ipad@2x.png */; };
		2CCFB6FE17CB5F4F009CE894 /* capricorn.png in Resources */ = {isa = PBXBuildFile; fileRef = 2CCFB6F617CB5F43009CE894 /* capricorn.png */; };
		2CCFB6FF17CB5F4F009CE894 /* capricorn@2x.png in Resources */ = {isa = PBXBuildFile; fileRef = 2CCFB6F717CB5F45009CE894 /* capricorn@2x.png */; };
		2CCFB70017CB5F4F009CE894 /* scorpio_ipad.png in Resources */ = {isa = PBXBuildFile; fileRef = 2CCFB6F817CB5F47009CE894 /* scorpio_ipad.png */; };
		2CCFB70117CB5F4F009CE894 /* scorpio_ipad@2x.png in Resources */ = {isa = PBXBuildFile; fileRef = 2CCFB6F917CB5F49009CE894 /* scorpio_ipad@2x.png */; };
		2CCFB70217CB5F4F009CE894 /* scorpio.png in Resources */ = {isa = PBXBuildFile; fileRef = 2CCFB6FA17CB5F4B009CE894 /* scorpio.png */; };
		2CCFB70317CB5F4F009CE894 /* scorpio@2x.png in Resources */ = {isa = PBXBuildFile; fileRef = 2CCFB6FB17CB5F4E009CE894 /* scorpio@2x.png */; };
		2CD0AE9417B0FCBC0091E14D /* CPEditingPassCellProcess.m in Sources */ = {isa = PBXBuildFile; fileRef = 2CD0AE9317B0FCBC0091E14D /* CPEditingPassCellProcess.m */; };
		2CE1EB3117BF90C4005F32AC /* CPMainPasswordCanvas.m in Sources */ = {isa = PBXBuildFile; fileRef = 2CE1EB3017BF90C4005F32AC /* CPMainPasswordCanvas.m */; };
		2CE543A41796A207004CF538 /* CPEditingMemoCellProcess.m in Sources */ = {isa = PBXBuildFile; fileRef = 2CE543A31796A207004CF538 /* CPEditingMemoCellProcess.m */; };
		2CE543A71796A585004CF538 /* CPScrollingCollectionViewProcess.m in Sources */ = {isa = PBXBuildFile; fileRef = 2CE543A61796A585004CF538 /* CPScrollingCollectionViewProcess.m */; };
		2CE543AA1796A781004CF538 /* CPRemovingMemoCellProcess.m in Sources */ = {isa = PBXBuildFile; fileRef = 2CE543A91796A781004CF538 /* CPRemovingMemoCellProcess.m */; };
		2CE7F89E17CCA63C0029F670 /* add_ipad.png in Resources */ = {isa = PBXBuildFile; fileRef = 2CE7F89A17CCA63C0029F670 /* add_ipad.png */; };
		2CE7F89F17CCA63C0029F670 /* add_ipad@2x.png in Resources */ = {isa = PBXBuildFile; fileRef = 2CE7F89B17CCA63C0029F670 /* add_ipad@2x.png */; };
		2CE7F8A017CCA63C0029F670 /* add.png in Resources */ = {isa = PBXBuildFile; fileRef = 2CE7F89C17CCA63C0029F670 /* add.png */; };
		2CE7F8A117CCA63C0029F670 /* add@2x.png in Resources */ = {isa = PBXBuildFile; fileRef = 2CE7F89D17CCA63C0029F670 /* add@2x.png */; };
		2CEB0D5217BCD506000404C2 /* CPMainPasswordManager.m in Sources */ = {isa = PBXBuildFile; fileRef = 2CEB0D5117BCD506000404C2 /* CPMainPasswordManager.m */; };
		2CF920151797F10C00637B7D /* CPMemoCellRemoving.m in Sources */ = {isa = PBXBuildFile; fileRef = 2CF920141797F10C00637B7D /* CPMemoCellRemoving.m */; };
		FC03FCDA178AF99A004C2B15 /* CPMemoCell.m in Sources */ = {isa = PBXBuildFile; fileRef = FC03FCD9178AF99A004C2B15 /* CPMemoCell.m */; };
		FC3732B817D54D0B00014998 /* CPSettingsManager.m in Sources */ = {isa = PBXBuildFile; fileRef = FC3732B717D54D0B00014998 /* CPSettingsManager.m */; };
		FC3732BA17D556E900014998 /* QuartzCore.framework in Frameworks */ = {isa = PBXBuildFile; fileRef = FC982CED17824842009CC784 /* QuartzCore.framework */; };
		FC4F2ADA1759EB0C002D9992 /* UIKit.framework in Frameworks */ = {isa = PBXBuildFile; fileRef = FC4F2AD91759EB0C002D9992 /* UIKit.framework */; };
		FC4F2ADC1759EB0C002D9992 /* Foundation.framework in Frameworks */ = {isa = PBXBuildFile; fileRef = FC4F2ADB1759EB0C002D9992 /* Foundation.framework */; };
		FC4F2ADE1759EB0C002D9992 /* CoreGraphics.framework in Frameworks */ = {isa = PBXBuildFile; fileRef = FC4F2ADD1759EB0C002D9992 /* CoreGraphics.framework */; };
		FC4F2AE41759EB0C002D9992 /* InfoPlist.strings in Resources */ = {isa = PBXBuildFile; fileRef = FC4F2AE21759EB0C002D9992 /* InfoPlist.strings */; };
		FC4F2AE61759EB0C002D9992 /* main.m in Sources */ = {isa = PBXBuildFile; fileRef = FC4F2AE51759EB0C002D9992 /* main.m */; };
		FC4F2AEA1759EB0C002D9992 /* CPAppDelegate.m in Sources */ = {isa = PBXBuildFile; fileRef = FC4F2AE91759EB0C002D9992 /* CPAppDelegate.m */; };
		FC4F2AEC1759EB0C002D9992 /* Default.png in Resources */ = {isa = PBXBuildFile; fileRef = FC4F2AEB1759EB0C002D9992 /* Default.png */; };
		FC4F2AEE1759EB0C002D9992 /* Default@2x.png in Resources */ = {isa = PBXBuildFile; fileRef = FC4F2AED1759EB0C002D9992 /* Default@2x.png */; };
		FC4F2AF01759EB0C002D9992 /* Default-568h@2x.png in Resources */ = {isa = PBXBuildFile; fileRef = FC4F2AEF1759EB0C002D9992 /* Default-568h@2x.png */; };
		FC4F2AF61759EB0C002D9992 /* MainStoryboard.storyboard in Resources */ = {isa = PBXBuildFile; fileRef = FC4F2AF41759EB0C002D9992 /* MainStoryboard.storyboard */; };
		FC4F2B191759ECB5002D9992 /* CPMainViewController.m in Sources */ = {isa = PBXBuildFile; fileRef = FC4F2B181759ECB5002D9992 /* CPMainViewController.m */; };
		FC501F5A17680E1300E987B5 /* CoreData.framework in Frameworks */ = {isa = PBXBuildFile; fileRef = FC501F5917680E1300E987B5 /* CoreData.framework */; };
		FC791750176DFE0800CCF63B /* CPPassGridManager.m in Sources */ = {isa = PBXBuildFile; fileRef = FC79174F176DFE0800CCF63B /* CPPassGridManager.m */; };
		FC80BE5A17791438007BDC13 /* CPMemo.m in Sources */ = {isa = PBXBuildFile; fileRef = FC80BE5917791438007BDC13 /* CPMemo.m */; };
		FC80BE5D17791438007BDC13 /* CPPassword.m in Sources */ = {isa = PBXBuildFile; fileRef = FC80BE5C17791438007BDC13 /* CPPassword.m */; };
		FCA400A117896F000087AECF /* CPTopBarAndSearchManager.m in Sources */ = {isa = PBXBuildFile; fileRef = FCA400A017896F000087AECF /* CPTopBarAndSearchManager.m */; };
		FCB034F9175C154D008D1DC8 /* CPPassEditViewManager.m in Sources */ = {isa = PBXBuildFile; fileRef = FCB034F8175C154D008D1DC8 /* CPPassEditViewManager.m */; };
		FCBB156917709854005DC611 /* CPPassCell.m in Sources */ = {isa = PBXBuildFile; fileRef = FCBB156817709854005DC611 /* CPPassCell.m */; };
		FCBF1E26176966E80014E56F /* CPPassDataManager.m in Sources */ = {isa = PBXBuildFile; fileRef = FCBF1E25176966E80014E56F /* CPPassDataManager.m */; };
		FCBF1E2917696C1A0014E56F /* Passone.xcdatamodeld in Sources */ = {isa = PBXBuildFile; fileRef = FCBF1E2717696C1A0014E56F /* Passone.xcdatamodeld */; };
/* End PBXBuildFile section */

/* Begin PBXFileReference section */
		2C0D2D8B178AC72600485CE5 /* CPSearchingProcess.h */ = {isa = PBXFileReference; fileEncoding = 4; lastKnownFileType = sourcecode.c.h; path = CPSearchingProcess.h; sourceTree = "<group>"; };
		2C0D2D8C178AC72600485CE5 /* CPSearchingProcess.m */ = {isa = PBXFileReference; fileEncoding = 4; lastKnownFileType = sourcecode.c.objc; path = CPSearchingProcess.m; sourceTree = "<group>"; };
		2C1541C317D1F1490057733D /* CPMemoCollectionViewManager.h */ = {isa = PBXFileReference; fileEncoding = 4; lastKnownFileType = sourcecode.c.h; path = CPMemoCollectionViewManager.h; sourceTree = "<group>"; };
		2C1541C417D1F1490057733D /* CPMemoCollectionViewManager.m */ = {isa = PBXFileReference; fileEncoding = 4; lastKnownFileType = sourcecode.c.objc; path = CPMemoCollectionViewManager.m; sourceTree = "<group>"; };
		2C50933117C4C51E0051A463 /* Reachability.h */ = {isa = PBXFileReference; fileEncoding = 4; lastKnownFileType = sourcecode.c.h; path = Reachability.h; sourceTree = "<group>"; };
		2C50933217C4C51E0051A463 /* Reachability.m */ = {isa = PBXFileReference; fileEncoding = 4; lastKnownFileType = sourcecode.c.objc; path = Reachability.m; sourceTree = "<group>"; };
		2C50933417C4C5660051A463 /* CPAdManager.h */ = {isa = PBXFileReference; fileEncoding = 4; lastKnownFileType = sourcecode.c.h; path = CPAdManager.h; sourceTree = "<group>"; };
		2C50933517C4C5660051A463 /* CPAdManager.m */ = {isa = PBXFileReference; fileEncoding = 4; lastKnownFileType = sourcecode.c.objc; path = CPAdManager.m; sourceTree = "<group>"; };
		2C50933717C4C8D70051A463 /* SystemConfiguration.framework */ = {isa = PBXFileReference; lastKnownFileType = wrapper.framework; name = SystemConfiguration.framework; path = System/Library/Frameworks/SystemConfiguration.framework; sourceTree = SDKROOT; };
		2C50933917C4CB410051A463 /* iAd.framework */ = {isa = PBXFileReference; lastKnownFileType = wrapper.framework; name = iAd.framework; path = System/Library/Frameworks/iAd.framework; sourceTree = SDKROOT; };
		2C57A043178979A2004F1547 /* CPAppearanceManager.h */ = {isa = PBXFileReference; fileEncoding = 4; lastKnownFileType = sourcecode.c.h; path = CPAppearanceManager.h; sourceTree = "<group>"; };
		2C57A044178979A2004F1547 /* CPAppearanceManager.m */ = {isa = PBXFileReference; fileEncoding = 4; lastKnownFileType = sourcecode.c.objc; path = CPAppearanceManager.m; sourceTree = "<group>"; };
		2C61435E1786D1C100430C64 /* CPProcessManager.h */ = {isa = PBXFileReference; fileEncoding = 4; lastKnownFileType = sourcecode.c.h; path = CPProcessManager.h; sourceTree = "<group>"; };
		2C61435F1786D1C100430C64 /* CPProcessManager.m */ = {isa = PBXFileReference; fileEncoding = 4; lastKnownFileType = sourcecode.c.objc; path = CPProcessManager.m; sourceTree = "<group>"; };
		2C6143611786D1E300430C64 /* CPProcess.h */ = {isa = PBXFileReference; lastKnownFileType = sourcecode.c.h; path = CPProcess.h; sourceTree = "<group>"; };
		2C6143631786D26100430C64 /* CPApplicationProcess.h */ = {isa = PBXFileReference; fileEncoding = 4; lastKnownFileType = sourcecode.c.h; path = CPApplicationProcess.h; sourceTree = "<group>"; };
		2C6143641786D26100430C64 /* CPApplicationProcess.m */ = {isa = PBXFileReference; fileEncoding = 4; lastKnownFileType = sourcecode.c.objc; path = CPApplicationProcess.m; sourceTree = "<group>"; };
		2C6143661786D59D00430C64 /* CPDraggingPassCellProcess.h */ = {isa = PBXFileReference; fileEncoding = 4; lastKnownFileType = sourcecode.c.h; path = CPDraggingPassCellProcess.h; sourceTree = "<group>"; };
		2C6143671786D59D00430C64 /* CPDraggingPassCellProcess.m */ = {isa = PBXFileReference; fileEncoding = 4; lastKnownFileType = sourcecode.c.objc; path = CPDraggingPassCellProcess.m; sourceTree = "<group>"; };
		2C6143691786D7AC00430C64 /* CPRemovingPassCellProcess.h */ = {isa = PBXFileReference; fileEncoding = 4; lastKnownFileType = sourcecode.c.h; path = CPRemovingPassCellProcess.h; sourceTree = "<group>"; };
		2C61436A1786D7AC00430C64 /* CPRemovingPassCellProcess.m */ = {isa = PBXFileReference; fileEncoding = 4; lastKnownFileType = sourcecode.c.objc; path = CPRemovingPassCellProcess.m; sourceTree = "<group>"; };
		2CBC71A817C8E663000F37B1 /* CPPassoneConfig.h */ = {isa = PBXFileReference; lastKnownFileType = sourcecode.c.h; path = CPPassoneConfig.h; sourceTree = "<group>"; };
		2CBDF765177DB96E00BC9E3E /* CPNotificationCenter.h */ = {isa = PBXFileReference; fileEncoding = 4; lastKnownFileType = sourcecode.c.h; path = CPNotificationCenter.h; sourceTree = "<group>"; };
		2CBDF766177DB96E00BC9E3E /* CPNotificationCenter.m */ = {isa = PBXFileReference; fileEncoding = 4; lastKnownFileType = sourcecode.c.objc; path = CPNotificationCenter.m; sourceTree = "<group>"; };
		2CC756FE17CA151D00800E09 /* bg-ipad.png */ = {isa = PBXFileReference; lastKnownFileType = image.png; path = "bg-ipad.png"; sourceTree = "<group>"; };
		2CC756FF17CA151D00800E09 /* bg-ipad@2x.png */ = {isa = PBXFileReference; lastKnownFileType = image.png; path = "bg-ipad@2x.png"; sourceTree = "<group>"; };
		2CC7570017CA151D00800E09 /* bg-iphone.png */ = {isa = PBXFileReference; lastKnownFileType = image.png; path = "bg-iphone.png"; sourceTree = "<group>"; };
		2CC7570117CA151D00800E09 /* bg-iphone@2x.png */ = {isa = PBXFileReference; lastKnownFileType = image.png; path = "bg-iphone@2x.png"; sourceTree = "<group>"; };
		2CC861F617AE3A64005B88ED /* CPSingleViewMemoCollectionViewManager.h */ = {isa = PBXFileReference; fileEncoding = 4; lastKnownFileType = sourcecode.c.h; path = CPSingleViewMemoCollectionViewManager.h; sourceTree = "<group>"; };
		2CC861F717AE3A64005B88ED /* CPSingleViewMemoCollectionViewManager.m */ = {isa = PBXFileReference; fileEncoding = 4; lastKnownFileType = sourcecode.c.objc; path = CPSingleViewMemoCollectionViewManager.m; sourceTree = "<group>"; };
		2CCFB69417CB5D4E009CE894 /* aquarius_ipad.png */ = {isa = PBXFileReference; lastKnownFileType = image.png; path = aquarius_ipad.png; sourceTree = "<group>"; };
		2CCFB69517CB5D4E009CE894 /* aquarius_ipad@2x.png */ = {isa = PBXFileReference; lastKnownFileType = image.png; path = "aquarius_ipad@2x.png"; sourceTree = "<group>"; };
		2CCFB69617CB5D4E009CE894 /* aquarius.png */ = {isa = PBXFileReference; lastKnownFileType = image.png; path = aquarius.png; sourceTree = "<group>"; };
		2CCFB69717CB5D4E009CE894 /* aquarius@2x.png */ = {isa = PBXFileReference; lastKnownFileType = image.png; path = "aquarius@2x.png"; sourceTree = "<group>"; };
		2CCFB69817CB5D4E009CE894 /* aries_ipad.png */ = {isa = PBXFileReference; lastKnownFileType = image.png; path = aries_ipad.png; sourceTree = "<group>"; };
		2CCFB69917CB5D4E009CE894 /* aries_ipad@2x.png */ = {isa = PBXFileReference; lastKnownFileType = image.png; path = "aries_ipad@2x.png"; sourceTree = "<group>"; };
		2CCFB69A17CB5D4E009CE894 /* aries.png */ = {isa = PBXFileReference; lastKnownFileType = image.png; path = aries.png; sourceTree = "<group>"; };
		2CCFB69B17CB5D4E009CE894 /* aries@2x.png */ = {isa = PBXFileReference; lastKnownFileType = image.png; path = "aries@2x.png"; sourceTree = "<group>"; };
		2CCFB69C17CB5D4E009CE894 /* cancer_ipad.png */ = {isa = PBXFileReference; lastKnownFileType = image.png; path = cancer_ipad.png; sourceTree = "<group>"; };
		2CCFB69D17CB5D4E009CE894 /* cancer_ipad@2x.png */ = {isa = PBXFileReference; lastKnownFileType = image.png; path = "cancer_ipad@2x.png"; sourceTree = "<group>"; };
		2CCFB69E17CB5D4E009CE894 /* cancer.png */ = {isa = PBXFileReference; lastKnownFileType = image.png; path = cancer.png; sourceTree = "<group>"; };
		2CCFB69F17CB5D4E009CE894 /* cancer@2x.png */ = {isa = PBXFileReference; lastKnownFileType = image.png; path = "cancer@2x.png"; sourceTree = "<group>"; };
		2CCFB6A017CB5D4E009CE894 /* gemini_ipad.png */ = {isa = PBXFileReference; lastKnownFileType = image.png; path = gemini_ipad.png; sourceTree = "<group>"; };
		2CCFB6A117CB5D4E009CE894 /* gemini_ipad@2x.png */ = {isa = PBXFileReference; lastKnownFileType = image.png; path = "gemini_ipad@2x.png"; sourceTree = "<group>"; };
		2CCFB6A217CB5D4E009CE894 /* gemini.png */ = {isa = PBXFileReference; lastKnownFileType = image.png; path = gemini.png; sourceTree = "<group>"; };
		2CCFB6A317CB5D4E009CE894 /* gemini@2x.png */ = {isa = PBXFileReference; lastKnownFileType = image.png; path = "gemini@2x.png"; sourceTree = "<group>"; };
		2CCFB6A417CB5D4E009CE894 /* leo_ipad.png */ = {isa = PBXFileReference; lastKnownFileType = image.png; path = leo_ipad.png; sourceTree = "<group>"; };
		2CCFB6A517CB5D4E009CE894 /* leo_ipad@2x.png */ = {isa = PBXFileReference; lastKnownFileType = image.png; path = "leo_ipad@2x.png"; sourceTree = "<group>"; };
		2CCFB6A617CB5D4E009CE894 /* leo.png */ = {isa = PBXFileReference; lastKnownFileType = image.png; path = leo.png; sourceTree = "<group>"; };
		2CCFB6A717CB5D4E009CE894 /* leo@2x.png */ = {isa = PBXFileReference; lastKnownFileType = image.png; path = "leo@2x.png"; sourceTree = "<group>"; };
		2CCFB6A817CB5D4E009CE894 /* libra_ipad.png */ = {isa = PBXFileReference; lastKnownFileType = image.png; path = libra_ipad.png; sourceTree = "<group>"; };
		2CCFB6A917CB5D4E009CE894 /* libra_ipad@2x.png */ = {isa = PBXFileReference; lastKnownFileType = image.png; path = "libra_ipad@2x.png"; sourceTree = "<group>"; };
		2CCFB6AA17CB5D4E009CE894 /* libra.png */ = {isa = PBXFileReference; lastKnownFileType = image.png; path = libra.png; sourceTree = "<group>"; };
		2CCFB6AB17CB5D4E009CE894 /* libra@2x.png */ = {isa = PBXFileReference; lastKnownFileType = image.png; path = "libra@2x.png"; sourceTree = "<group>"; };
		2CCFB6AC17CB5D4E009CE894 /* pisces_ipad.png */ = {isa = PBXFileReference; lastKnownFileType = image.png; path = pisces_ipad.png; sourceTree = "<group>"; };
		2CCFB6AD17CB5D4E009CE894 /* pisces_ipad@2x.png */ = {isa = PBXFileReference; lastKnownFileType = image.png; path = "pisces_ipad@2x.png"; sourceTree = "<group>"; };
		2CCFB6AE17CB5D4E009CE894 /* pisces.png */ = {isa = PBXFileReference; lastKnownFileType = image.png; path = pisces.png; sourceTree = "<group>"; };
		2CCFB6AF17CB5D4E009CE894 /* pisces@2x.png */ = {isa = PBXFileReference; lastKnownFileType = image.png; path = "pisces@2x.png"; sourceTree = "<group>"; };
		2CCFB6B017CB5D4E009CE894 /* sagittarius_ipad.png */ = {isa = PBXFileReference; lastKnownFileType = image.png; path = sagittarius_ipad.png; sourceTree = "<group>"; };
		2CCFB6B117CB5D4E009CE894 /* sagittarius_ipad@2x.png */ = {isa = PBXFileReference; lastKnownFileType = image.png; path = "sagittarius_ipad@2x.png"; sourceTree = "<group>"; };
		2CCFB6B217CB5D4E009CE894 /* sagittarius.png */ = {isa = PBXFileReference; lastKnownFileType = image.png; path = sagittarius.png; sourceTree = "<group>"; };
		2CCFB6B317CB5D4E009CE894 /* sagittarius@2x.png */ = {isa = PBXFileReference; lastKnownFileType = image.png; path = "sagittarius@2x.png"; sourceTree = "<group>"; };
		2CCFB6BC17CB5D4E009CE894 /* taurus_ipad.png */ = {isa = PBXFileReference; lastKnownFileType = image.png; path = taurus_ipad.png; sourceTree = "<group>"; };
		2CCFB6BD17CB5D4E009CE894 /* taurus_ipad@2x.png */ = {isa = PBXFileReference; lastKnownFileType = image.png; path = "taurus_ipad@2x.png"; sourceTree = "<group>"; };
		2CCFB6BE17CB5D4E009CE894 /* taurus.png */ = {isa = PBXFileReference; lastKnownFileType = image.png; path = taurus.png; sourceTree = "<group>"; };
		2CCFB6BF17CB5D4E009CE894 /* taurus@2x.png */ = {isa = PBXFileReference; lastKnownFileType = image.png; path = "taurus@2x.png"; sourceTree = "<group>"; };
		2CCFB6C017CB5D4E009CE894 /* virgo_ipad.png */ = {isa = PBXFileReference; lastKnownFileType = image.png; path = virgo_ipad.png; sourceTree = "<group>"; };
		2CCFB6C117CB5D4E009CE894 /* virgo_ipad@2x.png */ = {isa = PBXFileReference; lastKnownFileType = image.png; path = "virgo_ipad@2x.png"; sourceTree = "<group>"; };
		2CCFB6C217CB5D4E009CE894 /* virgo.png */ = {isa = PBXFileReference; lastKnownFileType = image.png; path = virgo.png; sourceTree = "<group>"; };
		2CCFB6C317CB5D4E009CE894 /* virgo@2x.png */ = {isa = PBXFileReference; lastKnownFileType = image.png; path = "virgo@2x.png"; sourceTree = "<group>"; };
		2CCFB6F417CB5F3F009CE894 /* capricorn_ipad.png */ = {isa = PBXFileReference; lastKnownFileType = image.png; path = capricorn_ipad.png; sourceTree = "<group>"; };
		2CCFB6F517CB5F40009CE894 /* capricorn_ipad@2x.png */ = {isa = PBXFileReference; lastKnownFileType = image.png; path = "capricorn_ipad@2x.png"; sourceTree = "<group>"; };
		2CCFB6F617CB5F43009CE894 /* capricorn.png */ = {isa = PBXFileReference; lastKnownFileType = image.png; path = capricorn.png; sourceTree = "<group>"; };
		2CCFB6F717CB5F45009CE894 /* capricorn@2x.png */ = {isa = PBXFileReference; lastKnownFileType = image.png; path = "capricorn@2x.png"; sourceTree = "<group>"; };
		2CCFB6F817CB5F47009CE894 /* scorpio_ipad.png */ = {isa = PBXFileReference; lastKnownFileType = image.png; path = scorpio_ipad.png; sourceTree = "<group>"; };
		2CCFB6F917CB5F49009CE894 /* scorpio_ipad@2x.png */ = {isa = PBXFileReference; lastKnownFileType = image.png; path = "scorpio_ipad@2x.png"; sourceTree = "<group>"; };
		2CCFB6FA17CB5F4B009CE894 /* scorpio.png */ = {isa = PBXFileReference; lastKnownFileType = image.png; path = scorpio.png; sourceTree = "<group>"; };
		2CCFB6FB17CB5F4E009CE894 /* scorpio@2x.png */ = {isa = PBXFileReference; lastKnownFileType = image.png; path = "scorpio@2x.png"; sourceTree = "<group>"; };
		2CD0AE9217B0FCBC0091E14D /* CPEditingPassCellProcess.h */ = {isa = PBXFileReference; fileEncoding = 4; lastKnownFileType = sourcecode.c.h; path = CPEditingPassCellProcess.h; sourceTree = "<group>"; };
		2CD0AE9317B0FCBC0091E14D /* CPEditingPassCellProcess.m */ = {isa = PBXFileReference; fileEncoding = 4; lastKnownFileType = sourcecode.c.objc; path = CPEditingPassCellProcess.m; sourceTree = "<group>"; };
		2CE1EB2F17BF90C4005F32AC /* CPMainPasswordCanvas.h */ = {isa = PBXFileReference; fileEncoding = 4; lastKnownFileType = sourcecode.c.h; path = CPMainPasswordCanvas.h; sourceTree = "<group>"; };
		2CE1EB3017BF90C4005F32AC /* CPMainPasswordCanvas.m */ = {isa = PBXFileReference; fileEncoding = 4; lastKnownFileType = sourcecode.c.objc; path = CPMainPasswordCanvas.m; sourceTree = "<group>"; };
		2CE543A21796A207004CF538 /* CPEditingMemoCellProcess.h */ = {isa = PBXFileReference; fileEncoding = 4; lastKnownFileType = sourcecode.c.h; path = CPEditingMemoCellProcess.h; sourceTree = "<group>"; };
		2CE543A31796A207004CF538 /* CPEditingMemoCellProcess.m */ = {isa = PBXFileReference; fileEncoding = 4; lastKnownFileType = sourcecode.c.objc; path = CPEditingMemoCellProcess.m; sourceTree = "<group>"; };
		2CE543A51796A585004CF538 /* CPScrollingCollectionViewProcess.h */ = {isa = PBXFileReference; fileEncoding = 4; lastKnownFileType = sourcecode.c.h; path = CPScrollingCollectionViewProcess.h; sourceTree = "<group>"; };
		2CE543A61796A585004CF538 /* CPScrollingCollectionViewProcess.m */ = {isa = PBXFileReference; fileEncoding = 4; lastKnownFileType = sourcecode.c.objc; path = CPScrollingCollectionViewProcess.m; sourceTree = "<group>"; };
		2CE543A81796A780004CF538 /* CPRemovingMemoCellProcess.h */ = {isa = PBXFileReference; fileEncoding = 4; lastKnownFileType = sourcecode.c.h; path = CPRemovingMemoCellProcess.h; sourceTree = "<group>"; };
		2CE543A91796A781004CF538 /* CPRemovingMemoCellProcess.m */ = {isa = PBXFileReference; fileEncoding = 4; lastKnownFileType = sourcecode.c.objc; path = CPRemovingMemoCellProcess.m; sourceTree = "<group>"; };
		2CE7F89A17CCA63C0029F670 /* add_ipad.png */ = {isa = PBXFileReference; lastKnownFileType = image.png; path = add_ipad.png; sourceTree = "<group>"; };
		2CE7F89B17CCA63C0029F670 /* add_ipad@2x.png */ = {isa = PBXFileReference; lastKnownFileType = image.png; path = "add_ipad@2x.png"; sourceTree = "<group>"; };
		2CE7F89C17CCA63C0029F670 /* add.png */ = {isa = PBXFileReference; lastKnownFileType = image.png; path = add.png; sourceTree = "<group>"; };
		2CE7F89D17CCA63C0029F670 /* add@2x.png */ = {isa = PBXFileReference; lastKnownFileType = image.png; path = "add@2x.png"; sourceTree = "<group>"; };
		2CEB0D5017BCD506000404C2 /* CPMainPasswordManager.h */ = {isa = PBXFileReference; fileEncoding = 4; lastKnownFileType = sourcecode.c.h; path = CPMainPasswordManager.h; sourceTree = "<group>"; };
		2CEB0D5117BCD506000404C2 /* CPMainPasswordManager.m */ = {isa = PBXFileReference; fileEncoding = 4; lastKnownFileType = sourcecode.c.objc; path = CPMainPasswordManager.m; sourceTree = "<group>"; };
		2CF920131797F10C00637B7D /* CPMemoCellRemoving.h */ = {isa = PBXFileReference; fileEncoding = 4; lastKnownFileType = sourcecode.c.h; path = CPMemoCellRemoving.h; sourceTree = "<group>"; };
		2CF920141797F10C00637B7D /* CPMemoCellRemoving.m */ = {isa = PBXFileReference; fileEncoding = 4; lastKnownFileType = sourcecode.c.objc; path = CPMemoCellRemoving.m; sourceTree = "<group>"; };
		FC03FCD8178AF99A004C2B15 /* CPMemoCell.h */ = {isa = PBXFileReference; fileEncoding = 4; lastKnownFileType = sourcecode.c.h; path = CPMemoCell.h; sourceTree = "<group>"; };
		FC03FCD9178AF99A004C2B15 /* CPMemoCell.m */ = {isa = PBXFileReference; fileEncoding = 4; lastKnownFileType = sourcecode.c.objc; path = CPMemoCell.m; sourceTree = "<group>"; };
		FC3732B617D54D0B00014998 /* CPSettingsManager.h */ = {isa = PBXFileReference; fileEncoding = 4; lastKnownFileType = sourcecode.c.h; path = CPSettingsManager.h; sourceTree = "<group>"; };
		FC3732B717D54D0B00014998 /* CPSettingsManager.m */ = {isa = PBXFileReference; fileEncoding = 4; lastKnownFileType = sourcecode.c.objc; path = CPSettingsManager.m; sourceTree = "<group>"; };
		FC3732B917D54E6F00014998 /* CPViewManager.h */ = {isa = PBXFileReference; lastKnownFileType = sourcecode.c.h; path = CPViewManager.h; sourceTree = "<group>"; };
		FC4F2AD61759EB0C002D9992 /* Passone.app */ = {isa = PBXFileReference; explicitFileType = wrapper.application; includeInIndex = 0; path = Passone.app; sourceTree = BUILT_PRODUCTS_DIR; };
		FC4F2AD91759EB0C002D9992 /* UIKit.framework */ = {isa = PBXFileReference; lastKnownFileType = wrapper.framework; name = UIKit.framework; path = System/Library/Frameworks/UIKit.framework; sourceTree = SDKROOT; };
		FC4F2ADB1759EB0C002D9992 /* Foundation.framework */ = {isa = PBXFileReference; lastKnownFileType = wrapper.framework; name = Foundation.framework; path = System/Library/Frameworks/Foundation.framework; sourceTree = SDKROOT; };
		FC4F2ADD1759EB0C002D9992 /* CoreGraphics.framework */ = {isa = PBXFileReference; lastKnownFileType = wrapper.framework; name = CoreGraphics.framework; path = System/Library/Frameworks/CoreGraphics.framework; sourceTree = SDKROOT; };
		FC4F2AE11759EB0C002D9992 /* Passone-Info.plist */ = {isa = PBXFileReference; lastKnownFileType = text.plist.xml; path = "Passone-Info.plist"; sourceTree = "<group>"; };
		FC4F2AE31759EB0C002D9992 /* en */ = {isa = PBXFileReference; lastKnownFileType = text.plist.strings; name = en; path = en.lproj/InfoPlist.strings; sourceTree = "<group>"; };
		FC4F2AE51759EB0C002D9992 /* main.m */ = {isa = PBXFileReference; lastKnownFileType = sourcecode.c.objc; path = main.m; sourceTree = "<group>"; };
		FC4F2AE71759EB0C002D9992 /* Passone-Prefix.pch */ = {isa = PBXFileReference; lastKnownFileType = sourcecode.c.h; path = "Passone-Prefix.pch"; sourceTree = "<group>"; };
		FC4F2AE81759EB0C002D9992 /* CPAppDelegate.h */ = {isa = PBXFileReference; lastKnownFileType = sourcecode.c.h; path = CPAppDelegate.h; sourceTree = "<group>"; };
		FC4F2AE91759EB0C002D9992 /* CPAppDelegate.m */ = {isa = PBXFileReference; lastKnownFileType = sourcecode.c.objc; path = CPAppDelegate.m; sourceTree = "<group>"; };
		FC4F2AEB1759EB0C002D9992 /* Default.png */ = {isa = PBXFileReference; lastKnownFileType = image.png; path = Default.png; sourceTree = "<group>"; };
		FC4F2AED1759EB0C002D9992 /* Default@2x.png */ = {isa = PBXFileReference; lastKnownFileType = image.png; path = "Default@2x.png"; sourceTree = "<group>"; };
		FC4F2AEF1759EB0C002D9992 /* Default-568h@2x.png */ = {isa = PBXFileReference; lastKnownFileType = image.png; path = "Default-568h@2x.png"; sourceTree = "<group>"; };
		FC4F2AF51759EB0C002D9992 /* en */ = {isa = PBXFileReference; lastKnownFileType = file.storyboard; name = en; path = en.lproj/MainStoryboard.storyboard; sourceTree = "<group>"; };
		FC4F2B171759ECB5002D9992 /* CPMainViewController.h */ = {isa = PBXFileReference; fileEncoding = 4; lastKnownFileType = sourcecode.c.h; path = CPMainViewController.h; sourceTree = "<group>"; };
		FC4F2B181759ECB5002D9992 /* CPMainViewController.m */ = {isa = PBXFileReference; fileEncoding = 4; lastKnownFileType = sourcecode.c.objc; path = CPMainViewController.m; sourceTree = "<group>"; };
		FC501F5917680E1300E987B5 /* CoreData.framework */ = {isa = PBXFileReference; lastKnownFileType = wrapper.framework; name = CoreData.framework; path = System/Library/Frameworks/CoreData.framework; sourceTree = SDKROOT; };
		FC79174E176DFE0800CCF63B /* CPPassGridManager.h */ = {isa = PBXFileReference; fileEncoding = 4; lastKnownFileType = sourcecode.c.h; path = CPPassGridManager.h; sourceTree = "<group>"; };
		FC79174F176DFE0800CCF63B /* CPPassGridManager.m */ = {isa = PBXFileReference; fileEncoding = 4; lastKnownFileType = sourcecode.c.objc; path = CPPassGridManager.m; sourceTree = "<group>"; };
		FC80BE5817791438007BDC13 /* CPMemo.h */ = {isa = PBXFileReference; fileEncoding = 4; lastKnownFileType = sourcecode.c.h; path = CPMemo.h; sourceTree = "<group>"; };
		FC80BE5917791438007BDC13 /* CPMemo.m */ = {isa = PBXFileReference; fileEncoding = 4; lastKnownFileType = sourcecode.c.objc; path = CPMemo.m; sourceTree = "<group>"; };
		FC80BE5B17791438007BDC13 /* CPPassword.h */ = {isa = PBXFileReference; fileEncoding = 4; lastKnownFileType = sourcecode.c.h; path = CPPassword.h; sourceTree = "<group>"; };
		FC80BE5C17791438007BDC13 /* CPPassword.m */ = {isa = PBXFileReference; fileEncoding = 4; lastKnownFileType = sourcecode.c.objc; path = CPPassword.m; sourceTree = "<group>"; };
		FC982CED17824842009CC784 /* QuartzCore.framework */ = {isa = PBXFileReference; lastKnownFileType = wrapper.framework; name = QuartzCore.framework; path = System/Library/Frameworks/QuartzCore.framework; sourceTree = SDKROOT; };
		FCA4009F17896F000087AECF /* CPTopBarAndSearchManager.h */ = {isa = PBXFileReference; fileEncoding = 4; lastKnownFileType = sourcecode.c.h; path = CPTopBarAndSearchManager.h; sourceTree = "<group>"; };
		FCA400A017896F000087AECF /* CPTopBarAndSearchManager.m */ = {isa = PBXFileReference; fileEncoding = 4; lastKnownFileType = sourcecode.c.objc; path = CPTopBarAndSearchManager.m; sourceTree = "<group>"; };
		FCB034F7175C154D008D1DC8 /* CPPassEditViewManager.h */ = {isa = PBXFileReference; fileEncoding = 4; lastKnownFileType = sourcecode.c.h; path = CPPassEditViewManager.h; sourceTree = "<group>"; };
		FCB034F8175C154D008D1DC8 /* CPPassEditViewManager.m */ = {isa = PBXFileReference; fileEncoding = 4; lastKnownFileType = sourcecode.c.objc; path = CPPassEditViewManager.m; sourceTree = "<group>"; };
		FCBB156717709854005DC611 /* CPPassCell.h */ = {isa = PBXFileReference; fileEncoding = 4; lastKnownFileType = sourcecode.c.h; path = CPPassCell.h; sourceTree = "<group>"; };
		FCBB156817709854005DC611 /* CPPassCell.m */ = {isa = PBXFileReference; fileEncoding = 4; lastKnownFileType = sourcecode.c.objc; path = CPPassCell.m; sourceTree = "<group>"; };
		FCBF1E24176966E80014E56F /* CPPassDataManager.h */ = {isa = PBXFileReference; fileEncoding = 4; lastKnownFileType = sourcecode.c.h; path = CPPassDataManager.h; sourceTree = "<group>"; };
		FCBF1E25176966E80014E56F /* CPPassDataManager.m */ = {isa = PBXFileReference; fileEncoding = 4; lastKnownFileType = sourcecode.c.objc; path = CPPassDataManager.m; sourceTree = "<group>"; };
		FCBF1E2817696C1A0014E56F /* Passone.xcdatamodel */ = {isa = PBXFileReference; lastKnownFileType = wrapper.xcdatamodel; path = Passone.xcdatamodel; sourceTree = "<group>"; };
/* End PBXFileReference section */

/* Begin PBXFrameworksBuildPhase section */
		FC4F2AD31759EB0C002D9992 /* Frameworks */ = {
			isa = PBXFrameworksBuildPhase;
			buildActionMask = 2147483647;
			files = (
				FC3732BA17D556E900014998 /* QuartzCore.framework in Frameworks */,
				2C50933A17C4CB410051A463 /* iAd.framework in Frameworks */,
				2C50933817C4C8D70051A463 /* SystemConfiguration.framework in Frameworks */,
				FC501F5A17680E1300E987B5 /* CoreData.framework in Frameworks */,
				FC4F2ADA1759EB0C002D9992 /* UIKit.framework in Frameworks */,
				FC4F2ADC1759EB0C002D9992 /* Foundation.framework in Frameworks */,
				FC4F2ADE1759EB0C002D9992 /* CoreGraphics.framework in Frameworks */,
			);
			runOnlyForDeploymentPostprocessing = 0;
		};
/* End PBXFrameworksBuildPhase section */

/* Begin PBXGroup section */
		2C50932D17C4C4B10051A463 /* Reachability */ = {
			isa = PBXGroup;
			children = (
				2C50933117C4C51E0051A463 /* Reachability.h */,
				2C50933217C4C51E0051A463 /* Reachability.m */,
			);
			name = Reachability;
			sourceTree = "<group>";
		};
		2C6143621786D23000430C64 /* Process */ = {
			isa = PBXGroup;
			children = (
				2C6143631786D26100430C64 /* CPApplicationProcess.h */,
				2C6143641786D26100430C64 /* CPApplicationProcess.m */,
				2C6143661786D59D00430C64 /* CPDraggingPassCellProcess.h */,
				2C6143671786D59D00430C64 /* CPDraggingPassCellProcess.m */,
				2C6143691786D7AC00430C64 /* CPRemovingPassCellProcess.h */,
				2C61436A1786D7AC00430C64 /* CPRemovingPassCellProcess.m */,
				2C0D2D8B178AC72600485CE5 /* CPSearchingProcess.h */,
				2C0D2D8C178AC72600485CE5 /* CPSearchingProcess.m */,
				2CE543A21796A207004CF538 /* CPEditingMemoCellProcess.h */,
				2CE543A31796A207004CF538 /* CPEditingMemoCellProcess.m */,
				2CE543A51796A585004CF538 /* CPScrollingCollectionViewProcess.h */,
				2CE543A61796A585004CF538 /* CPScrollingCollectionViewProcess.m */,
				2CE543A81796A780004CF538 /* CPRemovingMemoCellProcess.h */,
				2CE543A91796A781004CF538 /* CPRemovingMemoCellProcess.m */,
				2CD0AE9217B0FCBC0091E14D /* CPEditingPassCellProcess.h */,
				2CD0AE9317B0FCBC0091E14D /* CPEditingPassCellProcess.m */,
			);
			name = Process;
			sourceTree = "<group>";
		};
		2CC756FD17CA0F2A00800E09 /* Resources */ = {
			isa = PBXGroup;
			children = (
				2CE7F89A17CCA63C0029F670 /* add_ipad.png */,
				2CE7F89B17CCA63C0029F670 /* add_ipad@2x.png */,
				2CE7F89C17CCA63C0029F670 /* add.png */,
				2CE7F89D17CCA63C0029F670 /* add@2x.png */,
				2CCFB69317CB5CDF009CE894 /* Star Signs */,
				2CC756FE17CA151D00800E09 /* bg-ipad.png */,
				2CC756FF17CA151D00800E09 /* bg-ipad@2x.png */,
				2CC7570017CA151D00800E09 /* bg-iphone.png */,
				2CC7570117CA151D00800E09 /* bg-iphone@2x.png */,
			);
			path = Resources;
			sourceTree = "<group>";
		};
		2CCFB69317CB5CDF009CE894 /* Star Signs */ = {
			isa = PBXGroup;
			children = (
				2CCFB6F417CB5F3F009CE894 /* capricorn_ipad.png */,
				2CCFB6F517CB5F40009CE894 /* capricorn_ipad@2x.png */,
				2CCFB6F617CB5F43009CE894 /* capricorn.png */,
				2CCFB6F717CB5F45009CE894 /* capricorn@2x.png */,
				2CCFB6F817CB5F47009CE894 /* scorpio_ipad.png */,
				2CCFB6F917CB5F49009CE894 /* scorpio_ipad@2x.png */,
				2CCFB6FA17CB5F4B009CE894 /* scorpio.png */,
				2CCFB6FB17CB5F4E009CE894 /* scorpio@2x.png */,
				2CCFB69417CB5D4E009CE894 /* aquarius_ipad.png */,
				2CCFB69517CB5D4E009CE894 /* aquarius_ipad@2x.png */,
				2CCFB69617CB5D4E009CE894 /* aquarius.png */,
				2CCFB69717CB5D4E009CE894 /* aquarius@2x.png */,
				2CCFB69817CB5D4E009CE894 /* aries_ipad.png */,
				2CCFB69917CB5D4E009CE894 /* aries_ipad@2x.png */,
				2CCFB69A17CB5D4E009CE894 /* aries.png */,
				2CCFB69B17CB5D4E009CE894 /* aries@2x.png */,
				2CCFB69C17CB5D4E009CE894 /* cancer_ipad.png */,
				2CCFB69D17CB5D4E009CE894 /* cancer_ipad@2x.png */,
				2CCFB69E17CB5D4E009CE894 /* cancer.png */,
				2CCFB69F17CB5D4E009CE894 /* cancer@2x.png */,
				2CCFB6A017CB5D4E009CE894 /* gemini_ipad.png */,
				2CCFB6A117CB5D4E009CE894 /* gemini_ipad@2x.png */,
				2CCFB6A217CB5D4E009CE894 /* gemini.png */,
				2CCFB6A317CB5D4E009CE894 /* gemini@2x.png */,
				2CCFB6A417CB5D4E009CE894 /* leo_ipad.png */,
				2CCFB6A517CB5D4E009CE894 /* leo_ipad@2x.png */,
				2CCFB6A617CB5D4E009CE894 /* leo.png */,
				2CCFB6A717CB5D4E009CE894 /* leo@2x.png */,
				2CCFB6A817CB5D4E009CE894 /* libra_ipad.png */,
				2CCFB6A917CB5D4E009CE894 /* libra_ipad@2x.png */,
				2CCFB6AA17CB5D4E009CE894 /* libra.png */,
				2CCFB6AB17CB5D4E009CE894 /* libra@2x.png */,
				2CCFB6AC17CB5D4E009CE894 /* pisces_ipad.png */,
				2CCFB6AD17CB5D4E009CE894 /* pisces_ipad@2x.png */,
				2CCFB6AE17CB5D4E009CE894 /* pisces.png */,
				2CCFB6AF17CB5D4E009CE894 /* pisces@2x.png */,
				2CCFB6B017CB5D4E009CE894 /* sagittarius_ipad.png */,
				2CCFB6B117CB5D4E009CE894 /* sagittarius_ipad@2x.png */,
				2CCFB6B217CB5D4E009CE894 /* sagittarius.png */,
				2CCFB6B317CB5D4E009CE894 /* sagittarius@2x.png */,
				2CCFB6BC17CB5D4E009CE894 /* taurus_ipad.png */,
				2CCFB6BD17CB5D4E009CE894 /* taurus_ipad@2x.png */,
				2CCFB6BE17CB5D4E009CE894 /* taurus.png */,
				2CCFB6BF17CB5D4E009CE894 /* taurus@2x.png */,
				2CCFB6C017CB5D4E009CE894 /* virgo_ipad.png */,
				2CCFB6C117CB5D4E009CE894 /* virgo_ipad@2x.png */,
				2CCFB6C217CB5D4E009CE894 /* virgo.png */,
				2CCFB6C317CB5D4E009CE894 /* virgo@2x.png */,
			);
			name = "Star Signs";
			sourceTree = "<group>";
		};
		FC4F2ACD1759EB0C002D9992 = {
			isa = PBXGroup;
			children = (
				FC4F2AD81759EB0C002D9992 /* Frameworks */,
				FC4F2ADF1759EB0C002D9992 /* Passone */,
				FC4F2AD71759EB0C002D9992 /* Products */,
			);
			sourceTree = "<group>";
		};
		FC4F2AD71759EB0C002D9992 /* Products */ = {
			isa = PBXGroup;
			children = (
				FC4F2AD61759EB0C002D9992 /* Passone.app */,
			);
			name = Products;
			sourceTree = "<group>";
		};
		FC4F2AD81759EB0C002D9992 /* Frameworks */ = {
			isa = PBXGroup;
			children = (
				FC501F5917680E1300E987B5 /* CoreData.framework */,
				FC4F2ADD1759EB0C002D9992 /* CoreGraphics.framework */,
				FC4F2ADB1759EB0C002D9992 /* Foundation.framework */,
				2C50933917C4CB410051A463 /* iAd.framework */,
				FC982CED17824842009CC784 /* QuartzCore.framework */,
				2C50933717C4C8D70051A463 /* SystemConfiguration.framework */,
				FC4F2AD91759EB0C002D9992 /* UIKit.framework */,
			);
			name = Frameworks;
			sourceTree = "<group>";
		};
		FC4F2ADF1759EB0C002D9992 /* Passone */ = {
			isa = PBXGroup;
			children = (
				2C50933417C4C5660051A463 /* CPAdManager.h */,
				2C50933517C4C5660051A463 /* CPAdManager.m */,
				FC4F2AE81759EB0C002D9992 /* CPAppDelegate.h */,
				FC4F2AE91759EB0C002D9992 /* CPAppDelegate.m */,
				2C57A043178979A2004F1547 /* CPAppearanceManager.h */,
				2C57A044178979A2004F1547 /* CPAppearanceManager.m */,
				2CE1EB2F17BF90C4005F32AC /* CPMainPasswordCanvas.h */,
				2CE1EB3017BF90C4005F32AC /* CPMainPasswordCanvas.m */,
				2CEB0D5017BCD506000404C2 /* CPMainPasswordManager.h */,
				2CEB0D5117BCD506000404C2 /* CPMainPasswordManager.m */,
				FC4F2B171759ECB5002D9992 /* CPMainViewController.h */,
				FC4F2B181759ECB5002D9992 /* CPMainViewController.m */,
				FC80BE5817791438007BDC13 /* CPMemo.h */,
				FC80BE5917791438007BDC13 /* CPMemo.m */,
				FC03FCD8178AF99A004C2B15 /* CPMemoCell.h */,
				FC03FCD9178AF99A004C2B15 /* CPMemoCell.m */,
				2CF920131797F10C00637B7D /* CPMemoCellRemoving.h */,
				2CF920141797F10C00637B7D /* CPMemoCellRemoving.m */,
				2C1541C317D1F1490057733D /* CPMemoCollectionViewManager.h */,
				2C1541C417D1F1490057733D /* CPMemoCollectionViewManager.m */,
				2CBDF765177DB96E00BC9E3E /* CPNotificationCenter.h */,
				2CBDF766177DB96E00BC9E3E /* CPNotificationCenter.m */,
				FCBB156717709854005DC611 /* CPPassCell.h */,
				FCBB156817709854005DC611 /* CPPassCell.m */,
				FCBF1E24176966E80014E56F /* CPPassDataManager.h */,
				FCBF1E25176966E80014E56F /* CPPassDataManager.m */,
				FCB034F7175C154D008D1DC8 /* CPPassEditViewManager.h */,
				FCB034F8175C154D008D1DC8 /* CPPassEditViewManager.m */,
				FC79174E176DFE0800CCF63B /* CPPassGridManager.h */,
				FC79174F176DFE0800CCF63B /* CPPassGridManager.m */,
				2CBC71A817C8E663000F37B1 /* CPPassoneConfig.h */,
				FC80BE5B17791438007BDC13 /* CPPassword.h */,
				FC80BE5C17791438007BDC13 /* CPPassword.m */,
				2C6143611786D1E300430C64 /* CPProcess.h */,
				2C61435E1786D1C100430C64 /* CPProcessManager.h */,
				2C61435F1786D1C100430C64 /* CPProcessManager.m */,
				FC3732B617D54D0B00014998 /* CPSettingsManager.h */,
				FC3732B717D54D0B00014998 /* CPSettingsManager.m */,
				2CC861F617AE3A64005B88ED /* CPSingleViewMemoCollectionViewManager.h */,
				2CC861F717AE3A64005B88ED /* CPSingleViewMemoCollectionViewManager.m */,
				FCA4009F17896F000087AECF /* CPTopBarAndSearchManager.h */,
				FCA400A017896F000087AECF /* CPTopBarAndSearchManager.m */,
				FC3732B917D54E6F00014998 /* CPViewManager.h */,
				FC4F2AF41759EB0C002D9992 /* MainStoryboard.storyboard */,
				FCBF1E2717696C1A0014E56F /* Passone.xcdatamodeld */,
				2C6143621786D23000430C64 /* Process */,
				2C50932D17C4C4B10051A463 /* Reachability */,
				2CC756FD17CA0F2A00800E09 /* Resources */,
				FC4F2AE01759EB0C002D9992 /* Supporting Files */,
			);
			path = Passone;
			sourceTree = "<group>";
		};
		FC4F2AE01759EB0C002D9992 /* Supporting Files */ = {
			isa = PBXGroup;
			children = (
				FC4F2AE11759EB0C002D9992 /* Passone-Info.plist */,
				FC4F2AE21759EB0C002D9992 /* InfoPlist.strings */,
				FC4F2AE51759EB0C002D9992 /* main.m */,
				FC4F2AE71759EB0C002D9992 /* Passone-Prefix.pch */,
				FC4F2AEB1759EB0C002D9992 /* Default.png */,
				FC4F2AED1759EB0C002D9992 /* Default@2x.png */,
				FC4F2AEF1759EB0C002D9992 /* Default-568h@2x.png */,
			);
			name = "Supporting Files";
			sourceTree = "<group>";
		};
/* End PBXGroup section */

/* Begin PBXNativeTarget section */
		FC4F2AD51759EB0C002D9992 /* Passone */ = {
			isa = PBXNativeTarget;
			buildConfigurationList = FC4F2B111759EB0C002D9992 /* Build configuration list for PBXNativeTarget "Passone" */;
			buildPhases = (
				FC4F2AD21759EB0C002D9992 /* Sources */,
				FC4F2AD31759EB0C002D9992 /* Frameworks */,
				FC4F2AD41759EB0C002D9992 /* Resources */,
			);
			buildRules = (
			);
			dependencies = (
			);
			name = Passone;
			productName = Passone;
			productReference = FC4F2AD61759EB0C002D9992 /* Passone.app */;
			productType = "com.apple.product-type.application";
		};
/* End PBXNativeTarget section */

/* Begin PBXProject section */
		FC4F2ACE1759EB0C002D9992 /* Project object */ = {
			isa = PBXProject;
			attributes = {
				CLASSPREFIX = CP;
				LastUpgradeCheck = 0460;
				ORGANIZATIONNAME = codingpotato;
			};
			buildConfigurationList = FC4F2AD11759EB0C002D9992 /* Build configuration list for PBXProject "Passone" */;
			compatibilityVersion = "Xcode 3.2";
			developmentRegion = English;
			hasScannedForEncodings = 0;
			knownRegions = (
				en,
			);
			mainGroup = FC4F2ACD1759EB0C002D9992;
			productRefGroup = FC4F2AD71759EB0C002D9992 /* Products */;
			projectDirPath = "";
			projectRoot = "";
			targets = (
				FC4F2AD51759EB0C002D9992 /* Passone */,
			);
		};
/* End PBXProject section */

/* Begin PBXResourcesBuildPhase section */
		FC4F2AD41759EB0C002D9992 /* Resources */ = {
			isa = PBXResourcesBuildPhase;
			buildActionMask = 2147483647;
			files = (
				FC4F2AE41759EB0C002D9992 /* InfoPlist.strings in Resources */,
				FC4F2AEC1759EB0C002D9992 /* Default.png in Resources */,
				FC4F2AEE1759EB0C002D9992 /* Default@2x.png in Resources */,
				FC4F2AF01759EB0C002D9992 /* Default-568h@2x.png in Resources */,
				FC4F2AF61759EB0C002D9992 /* MainStoryboard.storyboard in Resources */,
				2CC7570217CA151D00800E09 /* bg-ipad.png in Resources */,
				2CC7570317CA151D00800E09 /* bg-ipad@2x.png in Resources */,
				2CC7570417CA151D00800E09 /* bg-iphone.png in Resources */,
				2CC7570517CA151D00800E09 /* bg-iphone@2x.png in Resources */,
				2CCFB6C417CB5D4E009CE894 /* aquarius_ipad.png in Resources */,
				2CCFB6C517CB5D4E009CE894 /* aquarius_ipad@2x.png in Resources */,
				2CCFB6C617CB5D4E009CE894 /* aquarius.png in Resources */,
				2CCFB6C717CB5D4E009CE894 /* aquarius@2x.png in Resources */,
				2CCFB6C817CB5D4E009CE894 /* aries_ipad.png in Resources */,
				2CCFB6C917CB5D4E009CE894 /* aries_ipad@2x.png in Resources */,
				2CCFB6CA17CB5D4E009CE894 /* aries.png in Resources */,
				2CCFB6CB17CB5D4E009CE894 /* aries@2x.png in Resources */,
				2CCFB6CC17CB5D4E009CE894 /* cancer_ipad.png in Resources */,
				2CCFB6CD17CB5D4E009CE894 /* cancer_ipad@2x.png in Resources */,
				2CCFB6CE17CB5D4E009CE894 /* cancer.png in Resources */,
				2CCFB6CF17CB5D4E009CE894 /* cancer@2x.png in Resources */,
				2CCFB6D017CB5D4E009CE894 /* gemini_ipad.png in Resources */,
				2CCFB6D117CB5D4E009CE894 /* gemini_ipad@2x.png in Resources */,
				2CCFB6D217CB5D4E009CE894 /* gemini.png in Resources */,
				2CCFB6D317CB5D4E009CE894 /* gemini@2x.png in Resources */,
				2CCFB6D417CB5D4E009CE894 /* leo_ipad.png in Resources */,
				2CCFB6D517CB5D4E009CE894 /* leo_ipad@2x.png in Resources */,
				2CCFB6D617CB5D4E009CE894 /* leo.png in Resources */,
				2CCFB6D717CB5D4E009CE894 /* leo@2x.png in Resources */,
				2CCFB6D817CB5D4E009CE894 /* libra_ipad.png in Resources */,
				2CCFB6D917CB5D4E009CE894 /* libra_ipad@2x.png in Resources */,
				2CCFB6DA17CB5D4E009CE894 /* libra.png in Resources */,
				2CCFB6DB17CB5D4E009CE894 /* libra@2x.png in Resources */,
				2CCFB6DC17CB5D4E009CE894 /* pisces_ipad.png in Resources */,
				2CCFB6DD17CB5D4E009CE894 /* pisces_ipad@2x.png in Resources */,
				2CCFB6DE17CB5D4E009CE894 /* pisces.png in Resources */,
				2CCFB6DF17CB5D4E009CE894 /* pisces@2x.png in Resources */,
				2CCFB6E017CB5D4E009CE894 /* sagittarius_ipad.png in Resources */,
				2CCFB6E117CB5D4E009CE894 /* sagittarius_ipad@2x.png in Resources */,
				2CCFB6E217CB5D4E009CE894 /* sagittarius.png in Resources */,
				2CCFB6E317CB5D4E009CE894 /* sagittarius@2x.png in Resources */,
				2CCFB6EC17CB5D4E009CE894 /* taurus_ipad.png in Resources */,
				2CCFB6ED17CB5D4E009CE894 /* taurus_ipad@2x.png in Resources */,
				2CCFB6EE17CB5D4E009CE894 /* taurus.png in Resources */,
				2CCFB6EF17CB5D4E009CE894 /* taurus@2x.png in Resources */,
				2CCFB6F017CB5D4E009CE894 /* virgo_ipad.png in Resources */,
				2CCFB6F117CB5D4E009CE894 /* virgo_ipad@2x.png in Resources */,
				2CCFB6F217CB5D4E009CE894 /* virgo.png in Resources */,
				2CCFB6F317CB5D4E009CE894 /* virgo@2x.png in Resources */,
				2CCFB6FC17CB5F4F009CE894 /* capricorn_ipad.png in Resources */,
				2CCFB6FD17CB5F4F009CE894 /* capricorn_ipad@2x.png in Resources */,
				2CCFB6FE17CB5F4F009CE894 /* capricorn.png in Resources */,
				2CCFB6FF17CB5F4F009CE894 /* capricorn@2x.png in Resources */,
				2CCFB70017CB5F4F009CE894 /* scorpio_ipad.png in Resources */,
				2CCFB70117CB5F4F009CE894 /* scorpio_ipad@2x.png in Resources */,
				2CCFB70217CB5F4F009CE894 /* scorpio.png in Resources */,
				2CCFB70317CB5F4F009CE894 /* scorpio@2x.png in Resources */,
				2CE7F89E17CCA63C0029F670 /* add_ipad.png in Resources */,
				2CE7F89F17CCA63C0029F670 /* add_ipad@2x.png in Resources */,
				2CE7F8A017CCA63C0029F670 /* add.png in Resources */,
				2CE7F8A117CCA63C0029F670 /* add@2x.png in Resources */,
			);
			runOnlyForDeploymentPostprocessing = 0;
		};
/* End PBXResourcesBuildPhase section */

/* Begin PBXSourcesBuildPhase section */
		FC4F2AD21759EB0C002D9992 /* Sources */ = {
			isa = PBXSourcesBuildPhase;
			buildActionMask = 2147483647;
			files = (
				FC4F2AE61759EB0C002D9992 /* main.m in Sources */,
				FC4F2AEA1759EB0C002D9992 /* CPAppDelegate.m in Sources */,
				FC4F2B191759ECB5002D9992 /* CPMainViewController.m in Sources */,
				FCB034F9175C154D008D1DC8 /* CPPassEditViewManager.m in Sources */,
				FCBF1E26176966E80014E56F /* CPPassDataManager.m in Sources */,
				FCBF1E2917696C1A0014E56F /* Passone.xcdatamodeld in Sources */,
				FC791750176DFE0800CCF63B /* CPPassGridManager.m in Sources */,
				FCBB156917709854005DC611 /* CPPassCell.m in Sources */,
				FC80BE5A17791438007BDC13 /* CPMemo.m in Sources */,
				FC80BE5D17791438007BDC13 /* CPPassword.m in Sources */,
				2CBDF767177DB96E00BC9E3E /* CPNotificationCenter.m in Sources */,
				2C6143601786D1C100430C64 /* CPProcessManager.m in Sources */,
				2C6143651786D26100430C64 /* CPApplicationProcess.m in Sources */,
				2C6143681786D59D00430C64 /* CPDraggingPassCellProcess.m in Sources */,
				2C61436B1786D7AC00430C64 /* CPRemovingPassCellProcess.m in Sources */,
				FCA400A117896F000087AECF /* CPTopBarAndSearchManager.m in Sources */,
				2C57A045178979A2004F1547 /* CPAppearanceManager.m in Sources */,
				2C0D2D8D178AC72600485CE5 /* CPSearchingProcess.m in Sources */,
				FC03FCDA178AF99A004C2B15 /* CPMemoCell.m in Sources */,
				2CE543A41796A207004CF538 /* CPEditingMemoCellProcess.m in Sources */,
				2CE543A71796A585004CF538 /* CPScrollingCollectionViewProcess.m in Sources */,
				2CE543AA1796A781004CF538 /* CPRemovingMemoCellProcess.m in Sources */,
				2CF920151797F10C00637B7D /* CPMemoCellRemoving.m in Sources */,
				2CC861F817AE3A64005B88ED /* CPSingleViewMemoCollectionViewManager.m in Sources */,
				2CD0AE9417B0FCBC0091E14D /* CPEditingPassCellProcess.m in Sources */,
				2CEB0D5217BCD506000404C2 /* CPMainPasswordManager.m in Sources */,
				2CE1EB3117BF90C4005F32AC /* CPMainPasswordCanvas.m in Sources */,
				2C50933317C4C51E0051A463 /* Reachability.m in Sources */,
				2C50933617C4C5660051A463 /* CPAdManager.m in Sources */,
				2C1541C517D1F1490057733D /* CPMemoCollectionViewManager.m in Sources */,
				FC3732B817D54D0B00014998 /* CPSettingsManager.m in Sources */,
			);
			runOnlyForDeploymentPostprocessing = 0;
		};
/* End PBXSourcesBuildPhase section */

/* Begin PBXVariantGroup section */
		FC4F2AE21759EB0C002D9992 /* InfoPlist.strings */ = {
			isa = PBXVariantGroup;
			children = (
				FC4F2AE31759EB0C002D9992 /* en */,
			);
			name = InfoPlist.strings;
			sourceTree = "<group>";
		};
		FC4F2AF41759EB0C002D9992 /* MainStoryboard.storyboard */ = {
			isa = PBXVariantGroup;
			children = (
				FC4F2AF51759EB0C002D9992 /* en */,
			);
			name = MainStoryboard.storyboard;
			sourceTree = "<group>";
		};
/* End PBXVariantGroup section */

/* Begin XCBuildConfiguration section */
		FC4F2B0F1759EB0C002D9992 /* Debug */ = {
			isa = XCBuildConfiguration;
			buildSettings = {
				ALWAYS_SEARCH_USER_PATHS = NO;
				CLANG_CXX_LANGUAGE_STANDARD = "gnu++0x";
				CLANG_CXX_LIBRARY = "libc++";
				CLANG_ENABLE_OBJC_ARC = YES;
				CLANG_WARN_CONSTANT_CONVERSION = YES;
				CLANG_WARN_EMPTY_BODY = YES;
				CLANG_WARN_ENUM_CONVERSION = YES;
				CLANG_WARN_INT_CONVERSION = YES;
				CLANG_WARN__DUPLICATE_METHOD_MATCH = YES;
				"CODE_SIGN_IDENTITY[sdk=iphoneos*]" = "iPhone Developer";
				COPY_PHASE_STRIP = NO;
				GCC_C_LANGUAGE_STANDARD = gnu99;
				GCC_DYNAMIC_NO_PIC = NO;
				GCC_OPTIMIZATION_LEVEL = 0;
				GCC_PREPROCESSOR_DEFINITIONS = (
					"DEBUG=1",
					"$(inherited)",
				);
				GCC_SYMBOLS_PRIVATE_EXTERN = NO;
				GCC_WARN_ABOUT_RETURN_TYPE = YES;
				GCC_WARN_UNINITIALIZED_AUTOS = YES;
				GCC_WARN_UNUSED_VARIABLE = YES;
				IPHONEOS_DEPLOYMENT_TARGET = 6.1;
				ONLY_ACTIVE_ARCH = YES;
				SDKROOT = iphoneos;
				TARGETED_DEVICE_FAMILY = "1,2";
			};
			name = Debug;
		};
		FC4F2B101759EB0C002D9992 /* Release */ = {
			isa = XCBuildConfiguration;
			buildSettings = {
				ALWAYS_SEARCH_USER_PATHS = NO;
				CLANG_CXX_LANGUAGE_STANDARD = "gnu++0x";
				CLANG_CXX_LIBRARY = "libc++";
				CLANG_ENABLE_OBJC_ARC = YES;
				CLANG_WARN_CONSTANT_CONVERSION = YES;
				CLANG_WARN_EMPTY_BODY = YES;
				CLANG_WARN_ENUM_CONVERSION = YES;
				CLANG_WARN_INT_CONVERSION = YES;
				CLANG_WARN__DUPLICATE_METHOD_MATCH = YES;
				"CODE_SIGN_IDENTITY[sdk=iphoneos*]" = "iPhone Developer";
				COPY_PHASE_STRIP = YES;
				GCC_C_LANGUAGE_STANDARD = gnu99;
				GCC_WARN_ABOUT_RETURN_TYPE = YES;
				GCC_WARN_UNINITIALIZED_AUTOS = YES;
				GCC_WARN_UNUSED_VARIABLE = YES;
				IPHONEOS_DEPLOYMENT_TARGET = 6.1;
				OTHER_CFLAGS = "-DNS_BLOCK_ASSERTIONS=1";
				SDKROOT = iphoneos;
				TARGETED_DEVICE_FAMILY = "1,2";
				VALIDATE_PRODUCT = YES;
			};
			name = Release;
		};
		FC4F2B121759EB0C002D9992 /* Debug */ = {
			isa = XCBuildConfiguration;
			buildSettings = {
				GCC_PRECOMPILE_PREFIX_HEADER = YES;
				GCC_PREFIX_HEADER = "Passone/Passone-Prefix.pch";
				INFOPLIST_FILE = "Passone/Passone-Info.plist";
				IPHONEOS_DEPLOYMENT_TARGET = 6.1;
				PRODUCT_NAME = "$(TARGET_NAME)";
				WRAPPER_EXTENSION = app;
			};
			name = Debug;
		};
		FC4F2B131759EB0C002D9992 /* Release */ = {
			isa = XCBuildConfiguration;
			buildSettings = {
				GCC_PRECOMPILE_PREFIX_HEADER = YES;
				GCC_PREFIX_HEADER = "Passone/Passone-Prefix.pch";
				INFOPLIST_FILE = "Passone/Passone-Info.plist";
				IPHONEOS_DEPLOYMENT_TARGET = 6.1;
				PRODUCT_NAME = "$(TARGET_NAME)";
				WRAPPER_EXTENSION = app;
			};
			name = Release;
		};
/* End XCBuildConfiguration section */

/* Begin XCConfigurationList section */
		FC4F2AD11759EB0C002D9992 /* Build configuration list for PBXProject "Passone" */ = {
			isa = XCConfigurationList;
			buildConfigurations = (
				FC4F2B0F1759EB0C002D9992 /* Debug */,
				FC4F2B101759EB0C002D9992 /* Release */,
			);
			defaultConfigurationIsVisible = 0;
			defaultConfigurationName = Release;
		};
		FC4F2B111759EB0C002D9992 /* Build configuration list for PBXNativeTarget "Passone" */ = {
			isa = XCConfigurationList;
			buildConfigurations = (
				FC4F2B121759EB0C002D9992 /* Debug */,
				FC4F2B131759EB0C002D9992 /* Release */,
			);
			defaultConfigurationIsVisible = 0;
			defaultConfigurationName = Release;
		};
/* End XCConfigurationList section */

/* Begin XCVersionGroup section */
		FCBF1E2717696C1A0014E56F /* Passone.xcdatamodeld */ = {
			isa = XCVersionGroup;
			children = (
				FCBF1E2817696C1A0014E56F /* Passone.xcdatamodel */,
			);
			currentVersion = FCBF1E2817696C1A0014E56F /* Passone.xcdatamodel */;
			path = Passone.xcdatamodeld;
			sourceTree = "<group>";
			versionGroupType = wrapper.xcdatamodel;
		};
/* End XCVersionGroup section */
	};
	rootObject = FC4F2ACE1759EB0C002D9992 /* Project object */;
}
